PODS:
  - AFNetworking (3.1.0):
    - AFNetworking/NSURLSession (= 3.1.0)
    - AFNetworking/Reachability (= 3.1.0)
    - AFNetworking/Security (= 3.1.0)
    - AFNetworking/Serialization (= 3.1.0)
    - AFNetworking/UIKit (= 3.1.0)
  - AFNetworking/NSURLSession (3.1.0):
    - AFNetworking/Reachability
    - AFNetworking/Security
    - AFNetworking/Serialization
  - AFNetworking/Reachability (3.1.0)
  - AFNetworking/Security (3.1.0)
  - AFNetworking/Serialization (3.1.0)
  - AFNetworking/UIKit (3.1.0):
    - AFNetworking/NSURLSession
  - ElasticTransitionObjC (0.1)
  - KissXML (5.0)
  - MJExtension (3.0.10)
  - MOBFoundation (1.5.3)
  - PPHelpMe (1.0.2)
  - PPRevealSideViewController (1.2.3):
    - PPHelpMe
  - Reachability (3.1.1)
  - SDWebImage (3.7.6):
    - SDWebImage/Core (= 3.7.6)
  - SDWebImage/Core (3.7.6)
  - ShareSDK2 (2.12.5):
    - ShareSDK2/Core (= 2.12.5)
  - ShareSDK2/Connection (2.12.5):
    - ShareSDK2/Connection/AliPaySocial (= 2.12.5)
    - ShareSDK2/Connection/Copy (= 2.12.5)
    - ShareSDK2/Connection/DouBan (= 2.12.5)
    - ShareSDK2/Connection/Dropbox (= 2.12.5)
    - ShareSDK2/Connection/EverNote (= 2.12.5)
    - ShareSDK2/Connection/Facebook (= 2.12.5)
    - ShareSDK2/Connection/Flickr (= 2.12.5)
    - ShareSDK2/Connection/GooglePlus (= 2.12.5)
    - ShareSDK2/Connection/Instagram (= 2.12.5)
    - ShareSDK2/Connection/Instapaper (= 2.12.5)
    - ShareSDK2/Connection/KaiXin (= 2.12.5)
    - ShareSDK2/Connection/KaKaoStory (= 2.12.5)
    - ShareSDK2/Connection/KaKaoTalk (= 2.12.5)
    - ShareSDK2/Connection/Line (= 2.12.5)
    - ShareSDK2/Connection/LinkedIn (= 2.12.5)
    - ShareSDK2/Connection/Mail (= 2.12.5)
    - ShareSDK2/Connection/MingDao (= 2.12.5)
    - ShareSDK2/Connection/Pinterest (= 2.12.5)
    - ShareSDK2/Connection/Pocket (= 2.12.5)
    - ShareSDK2/Connection/Print (= 2.12.5)
    - ShareSDK2/Connection/QQ (= 2.12.5)
    - ShareSDK2/Connection/QZone (= 2.12.5)
    - ShareSDK2/Connection/RenRen (= 2.12.5)
    - ShareSDK2/Connection/SinaWeibo (= 2.12.5)
    - ShareSDK2/Connection/SMS (= 2.12.5)
    - ShareSDK2/Connection/TencentWeibo (= 2.12.5)
    - ShareSDK2/Connection/Tumblr (= 2.12.5)
    - ShareSDK2/Connection/Twitter (= 2.12.5)
    - ShareSDK2/Connection/VKontakte (= 2.12.5)
    - ShareSDK2/Connection/WeChat (= 2.12.5)
    - ShareSDK2/Connection/WhatsApp (= 2.12.5)
    - ShareSDK2/Connection/YiXin (= 2.12.5)
    - ShareSDK2/Connection/YouDaoNote (= 2.12.5)
  - ShareSDK2/Connection/AliPaySocial (2.12.5):
    - ShareSDK2/Extend/APSocialSDK
  - ShareSDK2/Connection/Copy (2.12.5)
  - ShareSDK2/Connection/DouBan (2.12.5)
  - ShareSDK2/Connection/Dropbox (2.12.5)
  - ShareSDK2/Connection/EverNote (2.12.5)
  - ShareSDK2/Connection/Facebook (2.12.5)
  - ShareSDK2/Connection/Flickr (2.12.5)
  - ShareSDK2/Connection/GooglePlus (2.12.5):
    - ShareSDK2/Extend/GooglePlusSDK
  - ShareSDK2/Connection/Instagram (2.12.5)
  - ShareSDK2/Connection/Instapaper (2.12.5)
  - ShareSDK2/Connection/KaiXin (2.12.5)
  - ShareSDK2/Connection/KaKaoStory (2.12.5)
  - ShareSDK2/Connection/KaKaoTalk (2.12.5)
  - ShareSDK2/Connection/Line (2.12.5)
  - ShareSDK2/Connection/LinkedIn (2.12.5)
  - ShareSDK2/Connection/Mail (2.12.5)
  - ShareSDK2/Connection/MingDao (2.12.5)
  - ShareSDK2/Connection/Pinterest (2.12.5):
    - ShareSDK2/Extend/Pinterest.embeddedframework
  - ShareSDK2/Connection/Pocket (2.12.5)
  - ShareSDK2/Connection/Print (2.12.5)
  - ShareSDK2/Connection/QQ (2.12.5):
    - ShareSDK2/Extend/QQConnectSDK
  - ShareSDK2/Connection/QZone (2.12.5):
    - ShareSDK2/Extend/QQConnectSDK
  - ShareSDK2/Connection/RenRen (2.12.5):
    - ShareSDK2/Extend/RenRenSDK
  - ShareSDK2/Connection/SinaWeibo (2.12.5):
    - ShareSDK2/Extend/SinaWeiboSDK
  - ShareSDK2/Connection/SMS (2.12.5)
  - ShareSDK2/Connection/TencentWeibo (2.12.5)
  - ShareSDK2/Connection/Tumblr (2.12.5)
  - ShareSDK2/Connection/Twitter (2.12.5)
  - ShareSDK2/Connection/VKontakte (2.12.5)
  - ShareSDK2/Connection/WeChat (2.12.5):
    - ShareSDK2/Extend/WeChatSDK
  - ShareSDK2/Connection/WhatsApp (2.12.5)
  - ShareSDK2/Connection/YiXin (2.12.5):
    - ShareSDK2/Extend/YiXinSDK
  - ShareSDK2/Connection/YouDaoNote (2.12.5)
  - ShareSDK2/Core (2.12.5)
  - ShareSDK2/Extend/APSocialSDK (2.12.5)
  - ShareSDK2/Extend/GooglePlusSDK (2.12.5)
  - ShareSDK2/Extend/Pinterest.embeddedframework (2.12.5)
  - ShareSDK2/Extend/QQConnectSDK (2.12.5)
  - ShareSDK2/Extend/RenRenSDK (2.12.5)
  - ShareSDK2/Extend/SinaWeiboSDK (2.12.5)
  - ShareSDK2/Extend/WeChatSDK (2.12.5)
  - ShareSDK2/Extend/YiXinSDK (2.12.5)
  - ShareSDK2/UI (2.12.5):
    - ShareSDK2/UI/Flat (= 2.12.5)
    - ShareSDK2/UI/iPadDefault (= 2.12.5)
    - ShareSDK2/UI/iPadSimple (= 2.12.5)
    - ShareSDK2/UI/iPhoneAppRecommend (= 2.12.5)
    - ShareSDK2/UI/iPhoneDefault (= 2.12.5)
    - ShareSDK2/UI/iPhoneSimple (= 2.12.5)
  - ShareSDK2/UI/Flat (2.12.5)
  - ShareSDK2/UI/iPadDefault (2.12.5)
  - ShareSDK2/UI/iPadSimple (2.12.5)
  - ShareSDK2/UI/iPhoneAppRecommend (2.12.5)
  - ShareSDK2/UI/iPhoneDefault (2.12.5)
  - ShareSDK2/UI/iPhoneSimple (2.12.5)
  - SVProgressHUD (0.9)
  - XJSONKit (0.0.3)

DEPENDENCIES:
  - AFNetworking (~> 3.0)
  - ElasticTransitionObjC
  - KissXML (= 5.0)
  - MJExtension
  - MOBFoundation
  - PPRevealSideViewController (~> 1.2.1)
  - Reachability (= 3.1.1)
  - SDWebImage
  - ShareSDK2
  - ShareSDK2/Connection
  - ShareSDK2/Connection/AliPaySocial
  - ShareSDK2/Connection/Facebook
  - ShareSDK2/Connection/KaKaoStory
  - ShareSDK2/Connection/RenRen
  - ShareSDK2/Connection/SinaWeibo
  - ShareSDK2/Connection/WeChat
  - ShareSDK2/Connection/YiXin
  - ShareSDK2/UI
  - ShareSDK2/UI/Flat
  - SVProgressHUD (= 0.9)
  - XJSONKit

SPEC CHECKSUMS:
  AFNetworking: 5e0e199f73d8626b11e79750991f5d173d1f8b67
  ElasticTransitionObjC: 122ca894bec7006929dcc7e1386c085a78b07ac6
  KissXML: ce643413d618ad69886d0d43c3792b7dedfe476e
  MJExtension: d86aacb740c87519d20e3cca55b6fa4be6cc7548
  MOBFoundation: 1a4f9865c777e76f069050c4990602c668126a89
  PPHelpMe: 243c40d2fad33ebdcc6b158c0db54893e0cc2d14
  PPRevealSideViewController: e74d7b490738b39388f3ab9166f89dbe751560b4
  Reachability: dd9aa4fb6667b9f787690a74f53cb7634ce99893
  SDWebImage: c325cf02c30337336b95beff20a13df489ec0ec9
  ShareSDK2: c076a9ea57d9d87650130b8071f2bcf0f169cb94
  SVProgressHUD: 7038ae9d6a0bd2c87560d2699eba642eef82d41e
  XJSONKit: 8a04df8b0642b23b1352f80e35a9e197c7135b78

PODFILE CHECKSUM: 06823bcd22b8eec8636900ba2c12a2a8eebf25a5

COCOAPODS: 1.2.1
