// !$*UTF8*$!
{
	archiveVersion = 1;
	classes = {
	};
	objectVersion = 46;
	objects = {

/* Begin PBXBuildFile section */
		7759B6991D0EA37F00AE3A59 /* Main.storyboard in Resources */ = {isa = PBXBuildFile; fileRef = 7759B6971D0EA37F00AE3A59 /* Main.storyboard */; };
		7759B69B1D0EA37F00AE3A59 /* Assets.xcassets in Resources */ = {isa = PBXBuildFile; fileRef = 7759B69A1D0EA37F00AE3A59 /* Assets.xcassets */; };
		7759B69E1D0EA37F00AE3A59 /* LaunchScreen.storyboard in Resources */ = {isa = PBXBuildFile; fileRef = 7759B69C1D0EA37F00AE3A59 /* LaunchScreen.storyboard */; };
		7759B6A91D0EA38000AE3A59 /* MyFirstAPPTests.m in Sources */ = {isa = PBXBuildFile; fileRef = 7759B6A81D0EA38000AE3A59 /* MyFirstAPPTests.m */; };
		7759B6B41D0EA38000AE3A59 /* MyFirstAPPUITests.m in Sources */ = {isa = PBXBuildFile; fileRef = 7759B6B31D0EA38000AE3A59 /* MyFirstAPPUITests.m */; };
		7759B7431D0EA3E900AE3A59 /* XwelcomView.m in Sources */ = {isa = PBXBuildFile; fileRef = 7759B6C31D0EA3E900AE3A59 /* XwelcomView.m */; };
		7759B7491D0EA3E900AE3A59 /* FogetKeyViewController.m in Sources */ = {isa = PBXBuildFile; fileRef = 7759B6D01D0EA3E900AE3A59 /* FogetKeyViewController.m */; };
		7759B74A1D0EA3E900AE3A59 /* FogetKeyViewController.xib in Resources */ = {isa = PBXBuildFile; fileRef = 7759B6D11D0EA3E900AE3A59 /* FogetKeyViewController.xib */; };
		7759B74E1D0EA3E900AE3A59 /* LoginViewController.m in Sources */ = {isa = PBXBuildFile; fileRef = 7759B6D71D0EA3E900AE3A59 /* LoginViewController.m */; };
		7759B74F1D0EA3E900AE3A59 /* LoginViewController.xib in Resources */ = {isa = PBXBuildFile; fileRef = 7759B6D81D0EA3E900AE3A59 /* LoginViewController.xib */; };
		7759B7531D0EA3E900AE3A59 /* RegisterViewController.m in Sources */ = {isa = PBXBuildFile; fileRef = 7759B6E01D0EA3E900AE3A59 /* RegisterViewController.m */; };
		7759B7541D0EA3E900AE3A59 /* RegisterViewController.xib in Resources */ = {isa = PBXBuildFile; fileRef = 7759B6E11D0EA3E900AE3A59 /* RegisterViewController.xib */; };
		7759B7591D0EA3E900AE3A59 /* BaseViewController.m in Sources */ = {isa = PBXBuildFile; fileRef = 7759B6EC1D0EA3E900AE3A59 /* BaseViewController.m */; };
		7759B75D1D0EA3E900AE3A59 /* CALayer+XibConfiguration.m in Sources */ = {isa = PBXBuildFile; fileRef = 7759B6F51D0EA3E900AE3A59 /* CALayer+XibConfiguration.m */; };
		7759B75E1D0EA3E900AE3A59 /* myLabelCategory.m in Sources */ = {isa = PBXBuildFile; fileRef = 7759B6F71D0EA3E900AE3A59 /* myLabelCategory.m */; };
		7759B75F1D0EA3E900AE3A59 /* MyPageControl.m in Sources */ = {isa = PBXBuildFile; fileRef = 7759B6F91D0EA3E900AE3A59 /* MyPageControl.m */; };
		7759B7601D0EA3E900AE3A59 /* NSData+Base64.m in Sources */ = {isa = PBXBuildFile; fileRef = 7759B6FB1D0EA3E900AE3A59 /* NSData+Base64.m */; };
		7759B7611D0EA3E900AE3A59 /* NSDate+WQCalendarLogic.m in Sources */ = {isa = PBXBuildFile; fileRef = 7759B6FD1D0EA3E900AE3A59 /* NSDate+WQCalendarLogic.m */; };
		7759B7621D0EA3E900AE3A59 /* NSDictionary+expanded.m in Sources */ = {isa = PBXBuildFile; fileRef = 7759B6FF1D0EA3E900AE3A59 /* NSDictionary+expanded.m */; };
		7759B7631D0EA3E900AE3A59 /* NSMutableArray+expanded.m in Sources */ = {isa = PBXBuildFile; fileRef = 7759B7011D0EA3E900AE3A59 /* NSMutableArray+expanded.m */; };
		7759B7641D0EA3E900AE3A59 /* NSObject+expanded.m in Sources */ = {isa = PBXBuildFile; fileRef = 7759B7031D0EA3E900AE3A59 /* NSObject+expanded.m */; };
		7759B7651D0EA3E900AE3A59 /* NSString+expanded.m in Sources */ = {isa = PBXBuildFile; fileRef = 7759B7051D0EA3E900AE3A59 /* NSString+expanded.m */; };
		7759B76A1D0EA3E900AE3A59 /* UIColor+expanded.m in Sources */ = {isa = PBXBuildFile; fileRef = 7759B70B1D0EA3E900AE3A59 /* UIColor+expanded.m */; };
		7759B76B1D0EA3E900AE3A59 /* UIImage+expanded.m in Sources */ = {isa = PBXBuildFile; fileRef = 7759B70D1D0EA3E900AE3A59 /* UIImage+expanded.m */; };
		7759B76C1D0EA3E900AE3A59 /* UIView+AutoLayout.m in Sources */ = {isa = PBXBuildFile; fileRef = 7759B70F1D0EA3E900AE3A59 /* UIView+AutoLayout.m */; };
		7759B76D1D0EA3E900AE3A59 /* UIView+expanded.m in Sources */ = {isa = PBXBuildFile; fileRef = 7759B7111D0EA3E900AE3A59 /* UIView+expanded.m */; };
		7759B76E1D0EA3E900AE3A59 /* XLCycleScrollView.m in Sources */ = {isa = PBXBuildFile; fileRef = 7759B7131D0EA3E900AE3A59 /* XLCycleScrollView.m */; };
		7759B7851D0EA3E900AE3A59 /* Utility.m in Sources */ = {isa = PBXBuildFile; fileRef = 7759B73D1D0EA3E900AE3A59 /* Utility.m */; };
		7776570C1D2BE4B200B538F9 /* 1.jpg in Resources */ = {isa = PBXBuildFile; fileRef = 777657021D2BE4B200B538F9 /* 1.jpg */; };
		7776570D1D2BE4B200B538F9 /* 2.png in Resources */ = {isa = PBXBuildFile; fileRef = 777657031D2BE4B200B538F9 /* 2.png */; };
		7776570E1D2BE4B200B538F9 /* 3.png in Resources */ = {isa = PBXBuildFile; fileRef = 777657041D2BE4B200B538F9 /* 3.png */; };
		7776570F1D2BE4B200B538F9 /* 4.png in Resources */ = {isa = PBXBuildFile; fileRef = 777657051D2BE4B200B538F9 /* 4.png */; };
		777657101D2BE4B200B538F9 /* 5.png in Resources */ = {isa = PBXBuildFile; fileRef = 777657061D2BE4B200B538F9 /* 5.png */; };
		777657111D2BE4B200B538F9 /* 6.png in Resources */ = {isa = PBXBuildFile; fileRef = 777657071D2BE4B200B538F9 /* 6.png */; };
		777657121D2BE4B200B538F9 /* 7.png in Resources */ = {isa = PBXBuildFile; fileRef = 777657081D2BE4B200B538F9 /* 7.png */; };
		777657131D2BE4B200B538F9 /* 8.png in Resources */ = {isa = PBXBuildFile; fileRef = 777657091D2BE4B200B538F9 /* 8.png */; };
		777657141D2BE4B200B538F9 /* 9.png in Resources */ = {isa = PBXBuildFile; fileRef = 7776570A1D2BE4B200B538F9 /* 9.png */; };
		777657171D2BE4CE00B538F9 /* my.json in Resources */ = {isa = PBXBuildFile; fileRef = 777657151D2BE4CE00B538F9 /* my.json */; };
		777657181D2BE4CE00B538F9 /* picture.json in Resources */ = {isa = PBXBuildFile; fileRef = 777657161D2BE4CE00B538F9 /* picture.json */; };
		777657201D2BE8A200B538F9 /* grayArrow.png in Resources */ = {isa = PBXBuildFile; fileRef = 7776571A1D2BE8A200B538F9 /* grayArrow.png */; };
		777657211D2BE8A200B538F9 /* hidebutton.png in Resources */ = {isa = PBXBuildFile; fileRef = 7776571B1D2BE8A200B538F9 /* hidebutton.png */; };
		777657221D2BE8A200B538F9 /* ImageBrowser.png in Resources */ = {isa = PBXBuildFile; fileRef = 7776571C1D2BE8A200B538F9 /* ImageBrowser.png */; };
		777657231D2BE8A200B538F9 /* ImageBrowserChecked.png in Resources */ = {isa = PBXBuildFile; fileRef = 7776571D1D2BE8A200B538F9 /* ImageBrowserChecked.png */; };
		777657241D2BE8A200B538F9 /* page_dot_dack.png in Resources */ = {isa = PBXBuildFile; fileRef = 7776571E1D2BE8A200B538F9 /* page_dot_dack.png */; };
		777657251D2BE8A200B538F9 /* page_dot_light.png in Resources */ = {isa = PBXBuildFile; fileRef = 7776571F1D2BE8A200B538F9 /* page_dot_light.png */; };
		777657531D2BEB6200B538F9 /* CustomTabBar.m in Sources */ = {isa = PBXBuildFile; fileRef = 777657401D2BEB6200B538F9 /* CustomTabBar.m */; };
		777657581D2BEB6200B538F9 /* Keboard.m in Sources */ = {isa = PBXBuildFile; fileRef = 7776574B1D2BEB6200B538F9 /* Keboard.m */; };
		777657591D2BEB6200B538F9 /* RHMethods.m in Sources */ = {isa = PBXBuildFile; fileRef = 7776574D1D2BEB6200B538F9 /* RHMethods.m */; };
		778913901D0FDDDB0096AB3B /* AppDelegate.m in Sources */ = {isa = PBXBuildFile; fileRef = 7789136E1D0FDDDB0096AB3B /* AppDelegate.m */; };
		778913921D0FDDDB0096AB3B /* main.m in Sources */ = {isa = PBXBuildFile; fileRef = 778913701D0FDDDB0096AB3B /* main.m */; };
		778913A51D101DB10096AB3B /* FirstViewController.m in Sources */ = {isa = PBXBuildFile; fileRef = 778913A21D101DB10096AB3B /* FirstViewController.m */; };
		778913A61D101DB10096AB3B /* XCollectionViewDialLayout.m in Sources */ = {isa = PBXBuildFile; fileRef = 778913A41D101DB10096AB3B /* XCollectionViewDialLayout.m */; };
		77975EC11D5B1CA30093F854 /* SDDataCache.m in Sources */ = {isa = PBXBuildFile; fileRef = 77975EC01D5B1CA30093F854 /* SDDataCache.m */; settings = {COMPILER_FLAGS = "-fno-objc-arc"; }; };
		77975EC51D5B211C0093F854 /* UIControl+Addition.m in Sources */ = {isa = PBXBuildFile; fileRef = 77975EC41D5B211C0093F854 /* UIControl+Addition.m */; };
		77A5733A1D62BEB800A1001B /* icons.txt in Resources */ = {isa = PBXBuildFile; fileRef = 77A573391D62BEB800A1001B /* icons.txt */; };
		77BE53531D2CAFC50001AA09 /* SystemConfiguration.framework in Frameworks */ = {isa = PBXBuildFile; fileRef = 77BE53521D2CAFC50001AA09 /* SystemConfiguration.framework */; };
		77BE53551D2CAFD20001AA09 /* QuartzCore.framework in Frameworks */ = {isa = PBXBuildFile; fileRef = 77BE53541D2CAFD20001AA09 /* QuartzCore.framework */; };
		77BE53571D2CAFDB0001AA09 /* CoreTelephony.framework in Frameworks */ = {isa = PBXBuildFile; fileRef = 77BE53561D2CAFDB0001AA09 /* CoreTelephony.framework */; };
		77BE53591D2CAFE80001AA09 /* libicucore.tbd in Frameworks */ = {isa = PBXBuildFile; fileRef = 77BE53581D2CAFE80001AA09 /* libicucore.tbd */; };
		77BE535B1D2CAFF40001AA09 /* libz.1.2.5.tbd in Frameworks */ = {isa = PBXBuildFile; fileRef = 77BE535A1D2CAFF40001AA09 /* libz.1.2.5.tbd */; };
		77BE535D1D2CAFFD0001AA09 /* Security.framework in Frameworks */ = {isa = PBXBuildFile; fileRef = 77BE535C1D2CAFFD0001AA09 /* Security.framework */; };
		77BE535F1D2CB0070001AA09 /* JavaScriptCore.framework in Frameworks */ = {isa = PBXBuildFile; fileRef = 77BE535E1D2CB0070001AA09 /* JavaScriptCore.framework */; };
		77BE53611D2CB0150001AA09 /* libstdc++.tbd in Frameworks */ = {isa = PBXBuildFile; fileRef = 77BE53601D2CB0150001AA09 /* libstdc++.tbd */; };
		77BE53631D2CB01F0001AA09 /* CoreText.framework in Frameworks */ = {isa = PBXBuildFile; fileRef = 77BE53621D2CB01F0001AA09 /* CoreText.framework */; };
		77BE53651D2CB0290001AA09 /* ImageIO.framework in Frameworks */ = {isa = PBXBuildFile; fileRef = 77BE53641D2CB0290001AA09 /* ImageIO.framework */; };
		77BE53671D2CB0320001AA09 /* AdSupport.framework in Frameworks */ = {isa = PBXBuildFile; fileRef = 77BE53661D2CB0320001AA09 /* AdSupport.framework */; };
		77BE53691D2CB03B0001AA09 /* libsqlite3.tbd in Frameworks */ = {isa = PBXBuildFile; fileRef = 77BE53681D2CB03B0001AA09 /* libsqlite3.tbd */; };
		77BE536B1D2CB05B0001AA09 /* MessageUI.framework in Frameworks */ = {isa = PBXBuildFile; fileRef = 77BE536A1D2CB05B0001AA09 /* MessageUI.framework */; };
		77BE536D1D2CB06B0001AA09 /* CoreMotion.framework in Frameworks */ = {isa = PBXBuildFile; fileRef = 77BE536C1D2CB06B0001AA09 /* CoreMotion.framework */; };
		77BE536F1D2CB0720001AA09 /* CoreLocation.framework in Frameworks */ = {isa = PBXBuildFile; fileRef = 77BE536E1D2CB0720001AA09 /* CoreLocation.framework */; };
		77BE53711D2CB07B0001AA09 /* MediaPlayer.framework in Frameworks */ = {isa = PBXBuildFile; fileRef = 77BE53701D2CB07B0001AA09 /* MediaPlayer.framework */; };
		77BE53731D2CB0930001AA09 /* AssetsLibrary.framework in Frameworks */ = {isa = PBXBuildFile; fileRef = 77BE53721D2CB0930001AA09 /* AssetsLibrary.framework */; };
		77D460671D5C71DA0066B352 /* CoreData.framework in Frameworks */ = {isa = PBXBuildFile; fileRef = 77D460661D5C71DA0066B352 /* CoreData.framework */; };
		77DE73401D1CC7E600F39FDB /* LibraryCollectionViewController.m in Sources */ = {isa = PBXBuildFile; fileRef = 77DE733F1D1CC7E600F39FDB /* LibraryCollectionViewController.m */; };
		77DE73431D1CDC2B00F39FDB /* SettingsViewController.m in Sources */ = {isa = PBXBuildFile; fileRef = 77DE73421D1CDC2B00F39FDB /* SettingsViewController.m */; };
		77ECE0E31D5D5EAF004AE122 /* MyCoreData.xcdatamodeld in Sources */ = {isa = PBXBuildFile; fileRef = 77ECE0E11D5D5EAF004AE122 /* MyCoreData.xcdatamodeld */; };
		77ECE0E91D5D5F2C004AE122 /* WeixinData.m in Sources */ = {isa = PBXBuildFile; fileRef = 77ECE0E71D5D5F2C004AE122 /* WeixinData.m */; };
		77ECE0F41D5DBD72004AE122 /* moren.jpg in Resources */ = {isa = PBXBuildFile; fileRef = 77ECE0F31D5DBD72004AE122 /* moren.jpg */; };
		77ECE0FA1D5DC2A4004AE122 /* TotalData.m in Sources */ = {isa = PBXBuildFile; fileRef = 77ECE0F81D5DC2A4004AE122 /* TotalData.m */; };
		BF6C77AB1F0E4268008613C6 /* Info.plist in Resources */ = {isa = PBXBuildFile; fileRef = BF6C77AA1F0E4268008613C6 /* Info.plist */; };
		BF6C77AD1F0E4274008613C6 /* Info.plist in Resources */ = {isa = PBXBuildFile; fileRef = BF6C77AC1F0E4274008613C6 /* Info.plist */; };
		C0703742E0802F0205C6219F /* Pods_MyFirstAPP.framework in Frameworks */ = {isa = PBXBuildFile; fileRef = 02AF73C9BE55F816B9D738C7 /* Pods_MyFirstAPP.framework */; };
/* End PBXBuildFile section */

/* Begin PBXContainerItemProxy section */
		7759B6A51D0EA38000AE3A59 /* PBXContainerItemProxy */ = {
			isa = PBXContainerItemProxy;
			containerPortal = 7759B6831D0EA37F00AE3A59 /* Project object */;
			proxyType = 1;
			remoteGlobalIDString = 7759B68A1D0EA37F00AE3A59;
			remoteInfo = MyFirstAPP;
		};
		7759B6B01D0EA38000AE3A59 /* PBXContainerItemProxy */ = {
			isa = PBXContainerItemProxy;
			containerPortal = 7759B6831D0EA37F00AE3A59 /* Project object */;
			proxyType = 1;
			remoteGlobalIDString = 7759B68A1D0EA37F00AE3A59;
			remoteInfo = MyFirstAPP;
		};
/* End PBXContainerItemProxy section */

/* Begin PBXFileReference section */
		02AF73C9BE55F816B9D738C7 /* Pods_MyFirstAPP.framework */ = {isa = PBXFileReference; explicitFileType = wrapper.framework; includeInIndex = 0; path = Pods_MyFirstAPP.framework; sourceTree = BUILT_PRODUCTS_DIR; };
		7759B68B1D0EA37F00AE3A59 /* MyFirstAPP.app */ = {isa = PBXFileReference; explicitFileType = wrapper.application; includeInIndex = 0; path = MyFirstAPP.app; sourceTree = BUILT_PRODUCTS_DIR; };
		7759B6981D0EA37F00AE3A59 /* Base */ = {isa = PBXFileReference; lastKnownFileType = file.storyboard; name = Base; path = Base.lproj/Main.storyboard; sourceTree = "<group>"; };
		7759B69A1D0EA37F00AE3A59 /* Assets.xcassets */ = {isa = PBXFileReference; lastKnownFileType = folder.assetcatalog; path = Assets.xcassets; sourceTree = "<group>"; };
		7759B69D1D0EA37F00AE3A59 /* Base */ = {isa = PBXFileReference; lastKnownFileType = file.storyboard; name = Base; path = Base.lproj/LaunchScreen.storyboard; sourceTree = "<group>"; };
		7759B6A41D0EA38000AE3A59 /* MyFirstAPPTests.xctest */ = {isa = PBXFileReference; explicitFileType = wrapper.cfbundle; includeInIndex = 0; path = MyFirstAPPTests.xctest; sourceTree = BUILT_PRODUCTS_DIR; };
		7759B6A81D0EA38000AE3A59 /* MyFirstAPPTests.m */ = {isa = PBXFileReference; lastKnownFileType = sourcecode.c.objc; path = MyFirstAPPTests.m; sourceTree = "<group>"; };
		7759B6AF1D0EA38000AE3A59 /* MyFirstAPPUITests.xctest */ = {isa = PBXFileReference; explicitFileType = wrapper.cfbundle; includeInIndex = 0; path = MyFirstAPPUITests.xctest; sourceTree = BUILT_PRODUCTS_DIR; };
		7759B6B31D0EA38000AE3A59 /* MyFirstAPPUITests.m */ = {isa = PBXFileReference; lastKnownFileType = sourcecode.c.objc; path = MyFirstAPPUITests.m; sourceTree = "<group>"; };
		7759B6C21D0EA3E900AE3A59 /* XwelcomView.h */ = {isa = PBXFileReference; fileEncoding = 4; lastKnownFileType = sourcecode.c.h; path = XwelcomView.h; sourceTree = "<group>"; };
		7759B6C31D0EA3E900AE3A59 /* XwelcomView.m */ = {isa = PBXFileReference; fileEncoding = 4; lastKnownFileType = sourcecode.c.objc; path = XwelcomView.m; sourceTree = "<group>"; };
		7759B6CF1D0EA3E900AE3A59 /* FogetKeyViewController.h */ = {isa = PBXFileReference; fileEncoding = 4; lastKnownFileType = sourcecode.c.h; path = FogetKeyViewController.h; sourceTree = "<group>"; };
		7759B6D01D0EA3E900AE3A59 /* FogetKeyViewController.m */ = {isa = PBXFileReference; fileEncoding = 4; lastKnownFileType = sourcecode.c.objc; path = FogetKeyViewController.m; sourceTree = "<group>"; };
		7759B6D11D0EA3E900AE3A59 /* FogetKeyViewController.xib */ = {isa = PBXFileReference; fileEncoding = 4; lastKnownFileType = file.xib; path = FogetKeyViewController.xib; sourceTree = "<group>"; };
		7759B6D61D0EA3E900AE3A59 /* LoginViewController.h */ = {isa = PBXFileReference; fileEncoding = 4; lastKnownFileType = sourcecode.c.h; path = LoginViewController.h; sourceTree = "<group>"; };
		7759B6D71D0EA3E900AE3A59 /* LoginViewController.m */ = {isa = PBXFileReference; fileEncoding = 4; lastKnownFileType = sourcecode.c.objc; path = LoginViewController.m; sourceTree = "<group>"; };
		7759B6D81D0EA3E900AE3A59 /* LoginViewController.xib */ = {isa = PBXFileReference; fileEncoding = 4; lastKnownFileType = file.xib; path = LoginViewController.xib; sourceTree = "<group>"; };
		7759B6DF1D0EA3E900AE3A59 /* RegisterViewController.h */ = {isa = PBXFileReference; fileEncoding = 4; lastKnownFileType = sourcecode.c.h; path = RegisterViewController.h; sourceTree = "<group>"; };
		7759B6E01D0EA3E900AE3A59 /* RegisterViewController.m */ = {isa = PBXFileReference; fileEncoding = 4; lastKnownFileType = sourcecode.c.objc; path = RegisterViewController.m; sourceTree = "<group>"; };
		7759B6E11D0EA3E900AE3A59 /* RegisterViewController.xib */ = {isa = PBXFileReference; fileEncoding = 4; lastKnownFileType = file.xib; path = RegisterViewController.xib; sourceTree = "<group>"; };
		7759B6EB1D0EA3E900AE3A59 /* BaseViewController.h */ = {isa = PBXFileReference; fileEncoding = 4; lastKnownFileType = sourcecode.c.h; path = BaseViewController.h; sourceTree = "<group>"; };
		7759B6EC1D0EA3E900AE3A59 /* BaseViewController.m */ = {isa = PBXFileReference; fileEncoding = 4; lastKnownFileType = sourcecode.c.objc; path = BaseViewController.m; sourceTree = "<group>"; };
		7759B6F41D0EA3E900AE3A59 /* CALayer+XibConfiguration.h */ = {isa = PBXFileReference; fileEncoding = 4; lastKnownFileType = sourcecode.c.h; path = "CALayer+XibConfiguration.h"; sourceTree = "<group>"; };
		7759B6F51D0EA3E900AE3A59 /* CALayer+XibConfiguration.m */ = {isa = PBXFileReference; fileEncoding = 4; lastKnownFileType = sourcecode.c.objc; path = "CALayer+XibConfiguration.m"; sourceTree = "<group>"; };
		7759B6F61D0EA3E900AE3A59 /* myLabelCategory.h */ = {isa = PBXFileReference; fileEncoding = 4; lastKnownFileType = sourcecode.c.h; path = myLabelCategory.h; sourceTree = "<group>"; };
		7759B6F71D0EA3E900AE3A59 /* myLabelCategory.m */ = {isa = PBXFileReference; fileEncoding = 4; lastKnownFileType = sourcecode.c.objc; path = myLabelCategory.m; sourceTree = "<group>"; };
		7759B6F81D0EA3E900AE3A59 /* MyPageControl.h */ = {isa = PBXFileReference; fileEncoding = 4; lastKnownFileType = sourcecode.c.h; path = MyPageControl.h; sourceTree = "<group>"; };
		7759B6F91D0EA3E900AE3A59 /* MyPageControl.m */ = {isa = PBXFileReference; fileEncoding = 4; lastKnownFileType = sourcecode.c.objc; path = MyPageControl.m; sourceTree = "<group>"; };
		7759B6FA1D0EA3E900AE3A59 /* NSData+Base64.h */ = {isa = PBXFileReference; fileEncoding = 4; lastKnownFileType = sourcecode.c.h; path = "NSData+Base64.h"; sourceTree = "<group>"; };
		7759B6FB1D0EA3E900AE3A59 /* NSData+Base64.m */ = {isa = PBXFileReference; fileEncoding = 4; lastKnownFileType = sourcecode.c.objc; path = "NSData+Base64.m"; sourceTree = "<group>"; };
		7759B6FC1D0EA3E900AE3A59 /* NSDate+WQCalendarLogic.h */ = {isa = PBXFileReference; fileEncoding = 4; lastKnownFileType = sourcecode.c.h; path = "NSDate+WQCalendarLogic.h"; sourceTree = "<group>"; };
		7759B6FD1D0EA3E900AE3A59 /* NSDate+WQCalendarLogic.m */ = {isa = PBXFileReference; fileEncoding = 4; lastKnownFileType = sourcecode.c.objc; path = "NSDate+WQCalendarLogic.m"; sourceTree = "<group>"; };
		7759B6FE1D0EA3E900AE3A59 /* NSDictionary+expanded.h */ = {isa = PBXFileReference; fileEncoding = 4; lastKnownFileType = sourcecode.c.h; path = "NSDictionary+expanded.h"; sourceTree = "<group>"; };
		7759B6FF1D0EA3E900AE3A59 /* NSDictionary+expanded.m */ = {isa = PBXFileReference; fileEncoding = 4; lastKnownFileType = sourcecode.c.objc; path = "NSDictionary+expanded.m"; sourceTree = "<group>"; };
		7759B7001D0EA3E900AE3A59 /* NSMutableArray+expanded.h */ = {isa = PBXFileReference; fileEncoding = 4; lastKnownFileType = sourcecode.c.h; path = "NSMutableArray+expanded.h"; sourceTree = "<group>"; };
		7759B7011D0EA3E900AE3A59 /* NSMutableArray+expanded.m */ = {isa = PBXFileReference; fileEncoding = 4; lastKnownFileType = sourcecode.c.objc; path = "NSMutableArray+expanded.m"; sourceTree = "<group>"; };
		7759B7021D0EA3E900AE3A59 /* NSObject+expanded.h */ = {isa = PBXFileReference; fileEncoding = 4; lastKnownFileType = sourcecode.c.h; path = "NSObject+expanded.h"; sourceTree = "<group>"; };
		7759B7031D0EA3E900AE3A59 /* NSObject+expanded.m */ = {isa = PBXFileReference; fileEncoding = 4; lastKnownFileType = sourcecode.c.objc; path = "NSObject+expanded.m"; sourceTree = "<group>"; };
		7759B7041D0EA3E900AE3A59 /* NSString+expanded.h */ = {isa = PBXFileReference; fileEncoding = 4; lastKnownFileType = sourcecode.c.h; path = "NSString+expanded.h"; sourceTree = "<group>"; };
		7759B7051D0EA3E900AE3A59 /* NSString+expanded.m */ = {isa = PBXFileReference; fileEncoding = 4; lastKnownFileType = sourcecode.c.objc; path = "NSString+expanded.m"; sourceTree = "<group>"; };
		7759B70A1D0EA3E900AE3A59 /* UIColor+expanded.h */ = {isa = PBXFileReference; fileEncoding = 4; lastKnownFileType = sourcecode.c.h; path = "UIColor+expanded.h"; sourceTree = "<group>"; };
		7759B70B1D0EA3E900AE3A59 /* UIColor+expanded.m */ = {isa = PBXFileReference; fileEncoding = 4; lastKnownFileType = sourcecode.c.objc; path = "UIColor+expanded.m"; sourceTree = "<group>"; };
		7759B70C1D0EA3E900AE3A59 /* UIImage+expanded.h */ = {isa = PBXFileReference; fileEncoding = 4; lastKnownFileType = sourcecode.c.h; path = "UIImage+expanded.h"; sourceTree = "<group>"; };
		7759B70D1D0EA3E900AE3A59 /* UIImage+expanded.m */ = {isa = PBXFileReference; fileEncoding = 4; lastKnownFileType = sourcecode.c.objc; path = "UIImage+expanded.m"; sourceTree = "<group>"; };
		7759B70E1D0EA3E900AE3A59 /* UIView+AutoLayout.h */ = {isa = PBXFileReference; fileEncoding = 4; lastKnownFileType = sourcecode.c.h; path = "UIView+AutoLayout.h"; sourceTree = "<group>"; };
		7759B70F1D0EA3E900AE3A59 /* UIView+AutoLayout.m */ = {isa = PBXFileReference; fileEncoding = 4; lastKnownFileType = sourcecode.c.objc; path = "UIView+AutoLayout.m"; sourceTree = "<group>"; };
		7759B7101D0EA3E900AE3A59 /* UIView+expanded.h */ = {isa = PBXFileReference; fileEncoding = 4; lastKnownFileType = sourcecode.c.h; path = "UIView+expanded.h"; sourceTree = "<group>"; };
		7759B7111D0EA3E900AE3A59 /* UIView+expanded.m */ = {isa = PBXFileReference; fileEncoding = 4; lastKnownFileType = sourcecode.c.objc; path = "UIView+expanded.m"; sourceTree = "<group>"; };
		7759B7121D0EA3E900AE3A59 /* XLCycleScrollView.h */ = {isa = PBXFileReference; fileEncoding = 4; lastKnownFileType = sourcecode.c.h; path = XLCycleScrollView.h; sourceTree = "<group>"; };
		7759B7131D0EA3E900AE3A59 /* XLCycleScrollView.m */ = {isa = PBXFileReference; fileEncoding = 4; lastKnownFileType = sourcecode.c.objc; path = XLCycleScrollView.m; sourceTree = "<group>"; };
		7759B73C1D0EA3E900AE3A59 /* Utility.h */ = {isa = PBXFileReference; fileEncoding = 4; lastKnownFileType = sourcecode.c.h; path = Utility.h; sourceTree = "<group>"; };
		7759B73D1D0EA3E900AE3A59 /* Utility.m */ = {isa = PBXFileReference; fileEncoding = 4; lastKnownFileType = sourcecode.c.objc; path = Utility.m; sourceTree = "<group>"; };
		777657021D2BE4B200B538F9 /* 1.jpg */ = {isa = PBXFileReference; lastKnownFileType = image.jpeg; path = 1.jpg; sourceTree = "<group>"; };
		777657031D2BE4B200B538F9 /* 2.png */ = {isa = PBXFileReference; lastKnownFileType = image.png; path = 2.png; sourceTree = "<group>"; };
		777657041D2BE4B200B538F9 /* 3.png */ = {isa = PBXFileReference; lastKnownFileType = image.png; path = 3.png; sourceTree = "<group>"; };
		777657051D2BE4B200B538F9 /* 4.png */ = {isa = PBXFileReference; lastKnownFileType = image.png; path = 4.png; sourceTree = "<group>"; };
		777657061D2BE4B200B538F9 /* 5.png */ = {isa = PBXFileReference; lastKnownFileType = image.png; path = 5.png; sourceTree = "<group>"; };
		777657071D2BE4B200B538F9 /* 6.png */ = {isa = PBXFileReference; lastKnownFileType = image.png; path = 6.png; sourceTree = "<group>"; };
		777657081D2BE4B200B538F9 /* 7.png */ = {isa = PBXFileReference; lastKnownFileType = image.png; path = 7.png; sourceTree = "<group>"; };
		777657091D2BE4B200B538F9 /* 8.png */ = {isa = PBXFileReference; lastKnownFileType = image.png; path = 8.png; sourceTree = "<group>"; };
		7776570A1D2BE4B200B538F9 /* 9.png */ = {isa = PBXFileReference; lastKnownFileType = image.png; path = 9.png; sourceTree = "<group>"; };
		777657151D2BE4CE00B538F9 /* my.json */ = {isa = PBXFileReference; fileEncoding = 4; lastKnownFileType = text.json; path = my.json; sourceTree = "<group>"; };
		777657161D2BE4CE00B538F9 /* picture.json */ = {isa = PBXFileReference; fileEncoding = 4; lastKnownFileType = text.json; path = picture.json; sourceTree = "<group>"; };
		7776571A1D2BE8A200B538F9 /* grayArrow.png */ = {isa = PBXFileReference; lastKnownFileType = image.png; path = grayArrow.png; sourceTree = "<group>"; };
		7776571B1D2BE8A200B538F9 /* hidebutton.png */ = {isa = PBXFileReference; lastKnownFileType = image.png; path = hidebutton.png; sourceTree = "<group>"; };
		7776571C1D2BE8A200B538F9 /* ImageBrowser.png */ = {isa = PBXFileReference; lastKnownFileType = image.png; path = ImageBrowser.png; sourceTree = "<group>"; };
		7776571D1D2BE8A200B538F9 /* ImageBrowserChecked.png */ = {isa = PBXFileReference; lastKnownFileType = image.png; path = ImageBrowserChecked.png; sourceTree = "<group>"; };
		7776571E1D2BE8A200B538F9 /* page_dot_dack.png */ = {isa = PBXFileReference; lastKnownFileType = image.png; path = page_dot_dack.png; sourceTree = "<group>"; };
		7776571F1D2BE8A200B538F9 /* page_dot_light.png */ = {isa = PBXFileReference; lastKnownFileType = image.png; path = page_dot_light.png; sourceTree = "<group>"; };
		7776573F1D2BEB6200B538F9 /* CustomTabBar.h */ = {isa = PBXFileReference; fileEncoding = 4; lastKnownFileType = sourcecode.c.h; path = CustomTabBar.h; sourceTree = "<group>"; };
		777657401D2BEB6200B538F9 /* CustomTabBar.m */ = {isa = PBXFileReference; fileEncoding = 4; lastKnownFileType = sourcecode.c.objc; path = CustomTabBar.m; sourceTree = "<group>"; };
		7776574A1D2BEB6200B538F9 /* Keboard.h */ = {isa = PBXFileReference; fileEncoding = 4; lastKnownFileType = sourcecode.c.h; path = Keboard.h; sourceTree = "<group>"; };
		7776574B1D2BEB6200B538F9 /* Keboard.m */ = {isa = PBXFileReference; fileEncoding = 4; lastKnownFileType = sourcecode.c.objc; path = Keboard.m; sourceTree = "<group>"; };
		7776574C1D2BEB6200B538F9 /* RHMethods.h */ = {isa = PBXFileReference; fileEncoding = 4; lastKnownFileType = sourcecode.c.h; path = RHMethods.h; sourceTree = "<group>"; };
		7776574D1D2BEB6200B538F9 /* RHMethods.m */ = {isa = PBXFileReference; fileEncoding = 4; lastKnownFileType = sourcecode.c.objc; path = RHMethods.m; sourceTree = "<group>"; };
		7789136D1D0FDDDB0096AB3B /* AppDelegate.h */ = {isa = PBXFileReference; fileEncoding = 4; lastKnownFileType = sourcecode.c.h; path = AppDelegate.h; sourceTree = "<group>"; };
		7789136E1D0FDDDB0096AB3B /* AppDelegate.m */ = {isa = PBXFileReference; fileEncoding = 4; lastKnownFileType = sourcecode.c.objc; path = AppDelegate.m; sourceTree = "<group>"; };
		7789136F1D0FDDDB0096AB3B /* Info.plist */ = {isa = PBXFileReference; fileEncoding = 4; lastKnownFileType = text.plist.xml; path = Info.plist; sourceTree = "<group>"; };
		778913701D0FDDDB0096AB3B /* main.m */ = {isa = PBXFileReference; fileEncoding = 4; lastKnownFileType = sourcecode.c.objc; path = main.m; sourceTree = "<group>"; };
		7789138D1D0FDDDB0096AB3B /* PrefixHeader.pch */ = {isa = PBXFileReference; fileEncoding = 4; lastKnownFileType = sourcecode.c.h; path = PrefixHeader.pch; sourceTree = "<group>"; };
		778913A11D101DB10096AB3B /* FirstViewController.h */ = {isa = PBXFileReference; fileEncoding = 4; lastKnownFileType = sourcecode.c.h; path = FirstViewController.h; sourceTree = "<group>"; };
		778913A21D101DB10096AB3B /* FirstViewController.m */ = {isa = PBXFileReference; fileEncoding = 4; lastKnownFileType = sourcecode.c.objc; path = FirstViewController.m; sourceTree = "<group>"; };
		778913A31D101DB10096AB3B /* XCollectionViewDialLayout.h */ = {isa = PBXFileReference; fileEncoding = 4; lastKnownFileType = sourcecode.c.h; path = XCollectionViewDialLayout.h; sourceTree = "<group>"; };
		778913A41D101DB10096AB3B /* XCollectionViewDialLayout.m */ = {isa = PBXFileReference; fileEncoding = 4; lastKnownFileType = sourcecode.c.objc; path = XCollectionViewDialLayout.m; sourceTree = "<group>"; };
		77975EBF1D5B1CA30093F854 /* SDDataCache.h */ = {isa = PBXFileReference; fileEncoding = 4; lastKnownFileType = sourcecode.c.h; path = SDDataCache.h; sourceTree = "<group>"; };
		77975EC01D5B1CA30093F854 /* SDDataCache.m */ = {isa = PBXFileReference; fileEncoding = 4; lastKnownFileType = sourcecode.c.objc; path = SDDataCache.m; sourceTree = "<group>"; };
		77975EC31D5B211C0093F854 /* UIControl+Addition.h */ = {isa = PBXFileReference; fileEncoding = 4; lastKnownFileType = sourcecode.c.h; path = "UIControl+Addition.h"; sourceTree = "<group>"; };
		77975EC41D5B211C0093F854 /* UIControl+Addition.m */ = {isa = PBXFileReference; fileEncoding = 4; lastKnownFileType = sourcecode.c.objc; path = "UIControl+Addition.m"; sourceTree = "<group>"; };
		77975ECB1D5B2E290093F854 /* Foundation_defines.h */ = {isa = PBXFileReference; fileEncoding = 4; lastKnownFileType = sourcecode.c.h; path = Foundation_defines.h; sourceTree = "<group>"; };
		77975ECC1D5B2E290093F854 /* Foundation.h */ = {isa = PBXFileReference; fileEncoding = 4; lastKnownFileType = sourcecode.c.h; path = Foundation.h; sourceTree = "<group>"; };
		77A573391D62BEB800A1001B /* icons.txt */ = {isa = PBXFileReference; fileEncoding = 4; lastKnownFileType = text; path = icons.txt; sourceTree = "<group>"; };
		77BE53521D2CAFC50001AA09 /* SystemConfiguration.framework */ = {isa = PBXFileReference; lastKnownFileType = wrapper.framework; name = SystemConfiguration.framework; path = System/Library/Frameworks/SystemConfiguration.framework; sourceTree = SDKROOT; };
		77BE53541D2CAFD20001AA09 /* QuartzCore.framework */ = {isa = PBXFileReference; lastKnownFileType = wrapper.framework; name = QuartzCore.framework; path = System/Library/Frameworks/QuartzCore.framework; sourceTree = SDKROOT; };
		77BE53561D2CAFDB0001AA09 /* CoreTelephony.framework */ = {isa = PBXFileReference; lastKnownFileType = wrapper.framework; name = CoreTelephony.framework; path = System/Library/Frameworks/CoreTelephony.framework; sourceTree = SDKROOT; };
		77BE53581D2CAFE80001AA09 /* libicucore.tbd */ = {isa = PBXFileReference; lastKnownFileType = "sourcecode.text-based-dylib-definition"; name = libicucore.tbd; path = usr/lib/libicucore.tbd; sourceTree = SDKROOT; };
		77BE535A1D2CAFF40001AA09 /* libz.1.2.5.tbd */ = {isa = PBXFileReference; lastKnownFileType = "sourcecode.text-based-dylib-definition"; name = libz.1.2.5.tbd; path = usr/lib/libz.1.2.5.tbd; sourceTree = SDKROOT; };
		77BE535C1D2CAFFD0001AA09 /* Security.framework */ = {isa = PBXFileReference; lastKnownFileType = wrapper.framework; name = Security.framework; path = System/Library/Frameworks/Security.framework; sourceTree = SDKROOT; };
		77BE535E1D2CB0070001AA09 /* JavaScriptCore.framework */ = {isa = PBXFileReference; lastKnownFileType = wrapper.framework; name = JavaScriptCore.framework; path = System/Library/Frameworks/JavaScriptCore.framework; sourceTree = SDKROOT; };
		77BE53601D2CB0150001AA09 /* libstdc++.tbd */ = {isa = PBXFileReference; lastKnownFileType = "sourcecode.text-based-dylib-definition"; name = "libstdc++.tbd"; path = "usr/lib/libstdc++.tbd"; sourceTree = SDKROOT; };
		77BE53621D2CB01F0001AA09 /* CoreText.framework */ = {isa = PBXFileReference; lastKnownFileType = wrapper.framework; name = CoreText.framework; path = System/Library/Frameworks/CoreText.framework; sourceTree = SDKROOT; };
		77BE53641D2CB0290001AA09 /* ImageIO.framework */ = {isa = PBXFileReference; lastKnownFileType = wrapper.framework; name = ImageIO.framework; path = System/Library/Frameworks/ImageIO.framework; sourceTree = SDKROOT; };
		77BE53661D2CB0320001AA09 /* AdSupport.framework */ = {isa = PBXFileReference; lastKnownFileType = wrapper.framework; name = AdSupport.framework; path = System/Library/Frameworks/AdSupport.framework; sourceTree = SDKROOT; };
		77BE53681D2CB03B0001AA09 /* libsqlite3.tbd */ = {isa = PBXFileReference; lastKnownFileType = "sourcecode.text-based-dylib-definition"; name = libsqlite3.tbd; path = usr/lib/libsqlite3.tbd; sourceTree = SDKROOT; };
		77BE536A1D2CB05B0001AA09 /* MessageUI.framework */ = {isa = PBXFileReference; lastKnownFileType = wrapper.framework; name = MessageUI.framework; path = System/Library/Frameworks/MessageUI.framework; sourceTree = SDKROOT; };
		77BE536C1D2CB06B0001AA09 /* CoreMotion.framework */ = {isa = PBXFileReference; lastKnownFileType = wrapper.framework; name = CoreMotion.framework; path = System/Library/Frameworks/CoreMotion.framework; sourceTree = SDKROOT; };
		77BE536E1D2CB0720001AA09 /* CoreLocation.framework */ = {isa = PBXFileReference; lastKnownFileType = wrapper.framework; name = CoreLocation.framework; path = System/Library/Frameworks/CoreLocation.framework; sourceTree = SDKROOT; };
		77BE53701D2CB07B0001AA09 /* MediaPlayer.framework */ = {isa = PBXFileReference; lastKnownFileType = wrapper.framework; name = MediaPlayer.framework; path = System/Library/Frameworks/MediaPlayer.framework; sourceTree = SDKROOT; };
		77BE53721D2CB0930001AA09 /* AssetsLibrary.framework */ = {isa = PBXFileReference; lastKnownFileType = wrapper.framework; name = AssetsLibrary.framework; path = System/Library/Frameworks/AssetsLibrary.framework; sourceTree = SDKROOT; };
		77D460661D5C71DA0066B352 /* CoreData.framework */ = {isa = PBXFileReference; lastKnownFileType = wrapper.framework; name = CoreData.framework; path = System/Library/Frameworks/CoreData.framework; sourceTree = SDKROOT; };
		77DE733E1D1CC7E600F39FDB /* LibraryCollectionViewController.h */ = {isa = PBXFileReference; fileEncoding = 4; lastKnownFileType = sourcecode.c.h; path = LibraryCollectionViewController.h; sourceTree = "<group>"; };
		77DE733F1D1CC7E600F39FDB /* LibraryCollectionViewController.m */ = {isa = PBXFileReference; fileEncoding = 4; lastKnownFileType = sourcecode.c.objc; path = LibraryCollectionViewController.m; sourceTree = "<group>"; };
		77DE73411D1CDC2B00F39FDB /* SettingsViewController.h */ = {isa = PBXFileReference; fileEncoding = 4; lastKnownFileType = sourcecode.c.h; path = SettingsViewController.h; sourceTree = "<group>"; };
		77DE73421D1CDC2B00F39FDB /* SettingsViewController.m */ = {isa = PBXFileReference; fileEncoding = 4; lastKnownFileType = sourcecode.c.objc; path = SettingsViewController.m; sourceTree = "<group>"; };
		77ECE0E21D5D5EAF004AE122 /* MyCoreData.xcdatamodel */ = {isa = PBXFileReference; lastKnownFileType = wrapper.xcdatamodel; path = MyCoreData.xcdatamodel; sourceTree = "<group>"; };
		77ECE0E61D5D5F2C004AE122 /* WeixinData.h */ = {isa = PBXFileReference; fileEncoding = 4; lastKnownFileType = sourcecode.c.h; path = WeixinData.h; sourceTree = "<group>"; };
		77ECE0E71D5D5F2C004AE122 /* WeixinData.m */ = {isa = PBXFileReference; fileEncoding = 4; lastKnownFileType = sourcecode.c.objc; path = WeixinData.m; sourceTree = "<group>"; };
		77ECE0F31D5DBD72004AE122 /* moren.jpg */ = {isa = PBXFileReference; lastKnownFileType = image.jpeg; path = moren.jpg; sourceTree = "<group>"; };
		77ECE0F71D5DC2A4004AE122 /* TotalData.h */ = {isa = PBXFileReference; fileEncoding = 4; lastKnownFileType = sourcecode.c.h; path = TotalData.h; sourceTree = "<group>"; };
		77ECE0F81D5DC2A4004AE122 /* TotalData.m */ = {isa = PBXFileReference; fileEncoding = 4; lastKnownFileType = sourcecode.c.objc; path = TotalData.m; sourceTree = "<group>"; };
		7CABB42BD8BCF303E342C69E /* Pods-MyFirstAPP.release.xcconfig */ = {isa = PBXFileReference; includeInIndex = 1; lastKnownFileType = text.xcconfig; name = "Pods-MyFirstAPP.release.xcconfig"; path = "Pods/Target Support Files/Pods-MyFirstAPP/Pods-MyFirstAPP.release.xcconfig"; sourceTree = "<group>"; };
		BF6C77AA1F0E4268008613C6 /* Info.plist */ = {isa = PBXFileReference; fileEncoding = 4; lastKnownFileType = text.plist.xml; path = Info.plist; sourceTree = "<group>"; };
		BF6C77AC1F0E4274008613C6 /* Info.plist */ = {isa = PBXFileReference; fileEncoding = 4; lastKnownFileType = text.plist.xml; path = Info.plist; sourceTree = "<group>"; };
		ECEF9FF4F388896C86BFA3B3 /* Pods-MyFirstAPP.debug.xcconfig */ = {isa = PBXFileReference; includeInIndex = 1; lastKnownFileType = text.xcconfig; name = "Pods-MyFirstAPP.debug.xcconfig"; path = "Pods/Target Support Files/Pods-MyFirstAPP/Pods-MyFirstAPP.debug.xcconfig"; sourceTree = "<group>"; };
/* End PBXFileReference section */

/* Begin PBXFrameworksBuildPhase section */
		7759B6881D0EA37F00AE3A59 /* Frameworks */ = {
			isa = PBXFrameworksBuildPhase;
			buildActionMask = 2147483647;
			files = (
				77D460671D5C71DA0066B352 /* CoreData.framework in Frameworks */,
				77BE53731D2CB0930001AA09 /* AssetsLibrary.framework in Frameworks */,
				77BE53711D2CB07B0001AA09 /* MediaPlayer.framework in Frameworks */,
				77BE536F1D2CB0720001AA09 /* CoreLocation.framework in Frameworks */,
				77BE536D1D2CB06B0001AA09 /* CoreMotion.framework in Frameworks */,
				77BE536B1D2CB05B0001AA09 /* MessageUI.framework in Frameworks */,
				77BE53691D2CB03B0001AA09 /* libsqlite3.tbd in Frameworks */,
				77BE53671D2CB0320001AA09 /* AdSupport.framework in Frameworks */,
				77BE53651D2CB0290001AA09 /* ImageIO.framework in Frameworks */,
				77BE53631D2CB01F0001AA09 /* CoreText.framework in Frameworks */,
				77BE53611D2CB0150001AA09 /* libstdc++.tbd in Frameworks */,
				77BE535F1D2CB0070001AA09 /* JavaScriptCore.framework in Frameworks */,
				77BE535D1D2CAFFD0001AA09 /* Security.framework in Frameworks */,
				77BE535B1D2CAFF40001AA09 /* libz.1.2.5.tbd in Frameworks */,
				77BE53591D2CAFE80001AA09 /* libicucore.tbd in Frameworks */,
				77BE53571D2CAFDB0001AA09 /* CoreTelephony.framework in Frameworks */,
				77BE53551D2CAFD20001AA09 /* QuartzCore.framework in Frameworks */,
				77BE53531D2CAFC50001AA09 /* SystemConfiguration.framework in Frameworks */,
				C0703742E0802F0205C6219F /* Pods_MyFirstAPP.framework in Frameworks */,
			);
			runOnlyForDeploymentPostprocessing = 0;
		};
		7759B6A11D0EA38000AE3A59 /* Frameworks */ = {
			isa = PBXFrameworksBuildPhase;
			buildActionMask = 2147483647;
			files = (
			);
			runOnlyForDeploymentPostprocessing = 0;
		};
		7759B6AC1D0EA38000AE3A59 /* Frameworks */ = {
			isa = PBXFrameworksBuildPhase;
			buildActionMask = 2147483647;
			files = (
			);
			runOnlyForDeploymentPostprocessing = 0;
		};
/* End PBXFrameworksBuildPhase section */

/* Begin PBXGroup section */
		7759B6821D0EA37F00AE3A59 = {
			isa = PBXGroup;
			children = (
				7759B68D1D0EA37F00AE3A59 /* MyFirstAPP */,
				7759B6A71D0EA38000AE3A59 /* MyFirstAPPTests */,
				7759B6B21D0EA38000AE3A59 /* MyFirstAPPUITests */,
				7759B68C1D0EA37F00AE3A59 /* Products */,
				B2CA82414ED87DDE517200CA /* Pods */,
				FCCABADD517AF7901A18F7B1 /* Frameworks */,
			);
			sourceTree = "<group>";
		};
		7759B68C1D0EA37F00AE3A59 /* Products */ = {
			isa = PBXGroup;
			children = (
				7759B68B1D0EA37F00AE3A59 /* MyFirstAPP.app */,
				7759B6A41D0EA38000AE3A59 /* MyFirstAPPTests.xctest */,
				7759B6AF1D0EA38000AE3A59 /* MyFirstAPPUITests.xctest */,
			);
			name = Products;
			sourceTree = "<group>";
		};
		7759B68D1D0EA37F00AE3A59 /* MyFirstAPP */ = {
			isa = PBXGroup;
			children = (
				776C65811D22540A00D77E0D /* 爱奇艺 */,
				776C65821D22540A00D77E0D /* 大众点评 */,
				776C65831D22540A00D77E0D /* 个人应用 */,
				776C65841D22540A00D77E0D /* 今日头条 */,
				776C65851D22540A00D77E0D /* 聚合数据 */,
				776C65861D22540A00D77E0D /* 酷狗 */,
				776C65871D22540A00D77E0D /* 淘宝 */,
				776C65881D22540A00D77E0D /* 微能量 */,
				776C65891D22540A00D77E0D /* 微信 */,
				776C658A1D22540A00D77E0D /* 我的简历 */,
				776C658B1D22540A00D77E0D /* 新浪微博 */,
				776C658C1D22540A00D77E0D /* 支付宝 */,
				7759B6C11D0EA3E900AE3A59 /* 主界面 */,
				7789136C1D0FDDDB0096AB3B /* Others */,
				7759B6CB1D0EA3E900AE3A59 /* utility */,
				77ECE0E01D5D5E83004AE122 /* 数据库 */,
				777656D31D2BDFFA00B538F9 /* Resources */,
				7759B6971D0EA37F00AE3A59 /* Main.storyboard */,
				7759B69A1D0EA37F00AE3A59 /* Assets.xcassets */,
				7759B69C1D0EA37F00AE3A59 /* LaunchScreen.storyboard */,
			);
			path = MyFirstAPP;
			sourceTree = "<group>";
		};
		7759B6A71D0EA38000AE3A59 /* MyFirstAPPTests */ = {
			isa = PBXGroup;
			children = (
				BF6C77AC1F0E4274008613C6 /* Info.plist */,
				7759B6A81D0EA38000AE3A59 /* MyFirstAPPTests.m */,
			);
			path = MyFirstAPPTests;
			sourceTree = "<group>";
		};
		7759B6B21D0EA38000AE3A59 /* MyFirstAPPUITests */ = {
			isa = PBXGroup;
			children = (
				BF6C77AA1F0E4268008613C6 /* Info.plist */,
				7759B6B31D0EA38000AE3A59 /* MyFirstAPPUITests.m */,
			);
			path = MyFirstAPPUITests;
			sourceTree = "<group>";
		};
		7759B6C11D0EA3E900AE3A59 /* 主界面 */ = {
			isa = PBXGroup;
			children = (
				778913A11D101DB10096AB3B /* FirstViewController.h */,
				778913A21D101DB10096AB3B /* FirstViewController.m */,
				778913A31D101DB10096AB3B /* XCollectionViewDialLayout.h */,
				778913A41D101DB10096AB3B /* XCollectionViewDialLayout.m */,
				77DE73411D1CDC2B00F39FDB /* SettingsViewController.h */,
				77DE73421D1CDC2B00F39FDB /* SettingsViewController.m */,
				77DE733E1D1CC7E600F39FDB /* LibraryCollectionViewController.h */,
				77DE733F1D1CC7E600F39FDB /* LibraryCollectionViewController.m */,
				7759B6C21D0EA3E900AE3A59 /* XwelcomView.h */,
				7759B6C31D0EA3E900AE3A59 /* XwelcomView.m */,
			);
			path = "主界面";
			sourceTree = "<group>";
		};
		7759B6CB1D0EA3E900AE3A59 /* utility */ = {
			isa = PBXGroup;
			children = (
				777657261D2BEA2200B538F9 /* successionRelated */,
				7759B6CC1D0EA3E900AE3A59 /* another */,
				7759B6E81D0EA3E900AE3A59 /* BaseFile */,
				7759B6F31D0EA3E900AE3A59 /* category */,
				77975ECB1D5B2E290093F854 /* Foundation_defines.h */,
				77975ECC1D5B2E290093F854 /* Foundation.h */,
				7759B73C1D0EA3E900AE3A59 /* Utility.h */,
				7759B73D1D0EA3E900AE3A59 /* Utility.m */,
			);
			path = utility;
			sourceTree = "<group>";
		};
		7759B6CC1D0EA3E900AE3A59 /* another */ = {
			isa = PBXGroup;
			children = (
				7759B6CF1D0EA3E900AE3A59 /* FogetKeyViewController.h */,
				7759B6D01D0EA3E900AE3A59 /* FogetKeyViewController.m */,
				7759B6D11D0EA3E900AE3A59 /* FogetKeyViewController.xib */,
				7759B6D61D0EA3E900AE3A59 /* LoginViewController.h */,
				7759B6D71D0EA3E900AE3A59 /* LoginViewController.m */,
				7759B6D81D0EA3E900AE3A59 /* LoginViewController.xib */,
				7759B6DF1D0EA3E900AE3A59 /* RegisterViewController.h */,
				7759B6E01D0EA3E900AE3A59 /* RegisterViewController.m */,
				7759B6E11D0EA3E900AE3A59 /* RegisterViewController.xib */,
			);
			path = another;
			sourceTree = "<group>";
		};
		7759B6E81D0EA3E900AE3A59 /* BaseFile */ = {
			isa = PBXGroup;
			children = (
				7759B6EB1D0EA3E900AE3A59 /* BaseViewController.h */,
				7759B6EC1D0EA3E900AE3A59 /* BaseViewController.m */,
			);
			path = BaseFile;
			sourceTree = "<group>";
		};
		7759B6F31D0EA3E900AE3A59 /* category */ = {
			isa = PBXGroup;
			children = (
				7759B6F41D0EA3E900AE3A59 /* CALayer+XibConfiguration.h */,
				7759B6F51D0EA3E900AE3A59 /* CALayer+XibConfiguration.m */,
				7759B6F61D0EA3E900AE3A59 /* myLabelCategory.h */,
				7759B6F71D0EA3E900AE3A59 /* myLabelCategory.m */,
				7759B6F81D0EA3E900AE3A59 /* MyPageControl.h */,
				7759B6F91D0EA3E900AE3A59 /* MyPageControl.m */,
				7759B6FA1D0EA3E900AE3A59 /* NSData+Base64.h */,
				7759B6FB1D0EA3E900AE3A59 /* NSData+Base64.m */,
				7759B6FC1D0EA3E900AE3A59 /* NSDate+WQCalendarLogic.h */,
				7759B6FD1D0EA3E900AE3A59 /* NSDate+WQCalendarLogic.m */,
				7759B6FE1D0EA3E900AE3A59 /* NSDictionary+expanded.h */,
				7759B6FF1D0EA3E900AE3A59 /* NSDictionary+expanded.m */,
				7759B7001D0EA3E900AE3A59 /* NSMutableArray+expanded.h */,
				7759B7011D0EA3E900AE3A59 /* NSMutableArray+expanded.m */,
				7759B7021D0EA3E900AE3A59 /* NSObject+expanded.h */,
				7759B7031D0EA3E900AE3A59 /* NSObject+expanded.m */,
				7759B7041D0EA3E900AE3A59 /* NSString+expanded.h */,
				7759B7051D0EA3E900AE3A59 /* NSString+expanded.m */,
				7759B70A1D0EA3E900AE3A59 /* UIColor+expanded.h */,
				7759B70B1D0EA3E900AE3A59 /* UIColor+expanded.m */,
				77975EC31D5B211C0093F854 /* UIControl+Addition.h */,
				77975EC41D5B211C0093F854 /* UIControl+Addition.m */,
				7759B70C1D0EA3E900AE3A59 /* UIImage+expanded.h */,
				7759B70D1D0EA3E900AE3A59 /* UIImage+expanded.m */,
				7759B70E1D0EA3E900AE3A59 /* UIView+AutoLayout.h */,
				7759B70F1D0EA3E900AE3A59 /* UIView+AutoLayout.m */,
				7759B7101D0EA3E900AE3A59 /* UIView+expanded.h */,
				7759B7111D0EA3E900AE3A59 /* UIView+expanded.m */,
				7759B7121D0EA3E900AE3A59 /* XLCycleScrollView.h */,
				7759B7131D0EA3E900AE3A59 /* XLCycleScrollView.m */,
			);
			path = category;
			sourceTree = "<group>";
		};
		776C65811D22540A00D77E0D /* 爱奇艺 */ = {
			isa = PBXGroup;
			children = (
			);
			path = "爱奇艺";
			sourceTree = "<group>";
		};
		776C65821D22540A00D77E0D /* 大众点评 */ = {
			isa = PBXGroup;
			children = (
			);
			path = "大众点评";
			sourceTree = "<group>";
		};
		776C65831D22540A00D77E0D /* 个人应用 */ = {
			isa = PBXGroup;
			children = (
			);
			path = "个人应用";
			sourceTree = "<group>";
		};
		776C65841D22540A00D77E0D /* 今日头条 */ = {
			isa = PBXGroup;
			children = (
			);
			path = "今日头条";
			sourceTree = "<group>";
		};
		776C65851D22540A00D77E0D /* 聚合数据 */ = {
			isa = PBXGroup;
			children = (
			);
			path = "聚合数据";
			sourceTree = "<group>";
		};
		776C65861D22540A00D77E0D /* 酷狗 */ = {
			isa = PBXGroup;
			children = (
			);
			path = "酷狗";
			sourceTree = "<group>";
		};
		776C65871D22540A00D77E0D /* 淘宝 */ = {
			isa = PBXGroup;
			children = (
			);
			path = "淘宝";
			sourceTree = "<group>";
		};
		776C65881D22540A00D77E0D /* 微能量 */ = {
			isa = PBXGroup;
			children = (
			);
			path = "微能量";
			sourceTree = "<group>";
		};
		776C65891D22540A00D77E0D /* 微信 */ = {
			isa = PBXGroup;
			children = (
			);
			path = "微信";
			sourceTree = "<group>";
		};
		776C658A1D22540A00D77E0D /* 我的简历 */ = {
			isa = PBXGroup;
			children = (
			);
			path = "我的简历";
			sourceTree = "<group>";
		};
		776C658B1D22540A00D77E0D /* 新浪微博 */ = {
			isa = PBXGroup;
			children = (
			);
			path = "新浪微博";
			sourceTree = "<group>";
		};
		776C658C1D22540A00D77E0D /* 支付宝 */ = {
			isa = PBXGroup;
			children = (
			);
			path = "支付宝";
			sourceTree = "<group>";
		};
		777656D31D2BDFFA00B538F9 /* Resources */ = {
			isa = PBXGroup;
			children = (
				77A573391D62BEB800A1001B /* icons.txt */,
				777657191D2BE8A200B538F9 /* 通用图片 */,
				777657011D2BE4B200B538F9 /* HomePictures */,
				7776570B1D2BE4B200B538F9 /* JSON */,
			);
			path = Resources;
			sourceTree = "<group>";
		};
		777657011D2BE4B200B538F9 /* HomePictures */ = {
			isa = PBXGroup;
			children = (
				777657021D2BE4B200B538F9 /* 1.jpg */,
				777657031D2BE4B200B538F9 /* 2.png */,
				777657041D2BE4B200B538F9 /* 3.png */,
				777657051D2BE4B200B538F9 /* 4.png */,
				777657061D2BE4B200B538F9 /* 5.png */,
				777657071D2BE4B200B538F9 /* 6.png */,
				777657081D2BE4B200B538F9 /* 7.png */,
				777657091D2BE4B200B538F9 /* 8.png */,
				7776570A1D2BE4B200B538F9 /* 9.png */,
			);
			path = HomePictures;
			sourceTree = "<group>";
		};
		7776570B1D2BE4B200B538F9 /* JSON */ = {
			isa = PBXGroup;
			children = (
				777657151D2BE4CE00B538F9 /* my.json */,
				777657161D2BE4CE00B538F9 /* picture.json */,
			);
			path = JSON;
			sourceTree = "<group>";
		};
		777657191D2BE8A200B538F9 /* 通用图片 */ = {
			isa = PBXGroup;
			children = (
				77ECE0F31D5DBD72004AE122 /* moren.jpg */,
				7776571A1D2BE8A200B538F9 /* grayArrow.png */,
				7776571B1D2BE8A200B538F9 /* hidebutton.png */,
				7776571C1D2BE8A200B538F9 /* ImageBrowser.png */,
				7776571D1D2BE8A200B538F9 /* ImageBrowserChecked.png */,
				7776571E1D2BE8A200B538F9 /* page_dot_dack.png */,
				7776571F1D2BE8A200B538F9 /* page_dot_light.png */,
			);
			path = "通用图片";
			sourceTree = "<group>";
		};
		777657261D2BEA2200B538F9 /* successionRelated */ = {
			isa = PBXGroup;
			children = (
				77975EBF1D5B1CA30093F854 /* SDDataCache.h */,
				77975EC01D5B1CA30093F854 /* SDDataCache.m */,
				7776574A1D2BEB6200B538F9 /* Keboard.h */,
				7776574B1D2BEB6200B538F9 /* Keboard.m */,
				7776574C1D2BEB6200B538F9 /* RHMethods.h */,
				7776574D1D2BEB6200B538F9 /* RHMethods.m */,
				7776573F1D2BEB6200B538F9 /* CustomTabBar.h */,
				777657401D2BEB6200B538F9 /* CustomTabBar.m */,
			);
			path = successionRelated;
			sourceTree = "<group>";
		};
		7789136C1D0FDDDB0096AB3B /* Others */ = {
			isa = PBXGroup;
			children = (
				7789136D1D0FDDDB0096AB3B /* AppDelegate.h */,
				7789136E1D0FDDDB0096AB3B /* AppDelegate.m */,
				7789138D1D0FDDDB0096AB3B /* PrefixHeader.pch */,
				7789136F1D0FDDDB0096AB3B /* Info.plist */,
				778913701D0FDDDB0096AB3B /* main.m */,
			);
			path = Others;
			sourceTree = "<group>";
		};
		77ECE0E01D5D5E83004AE122 /* 数据库 */ = {
			isa = PBXGroup;
			children = (
				77ECE0F71D5DC2A4004AE122 /* TotalData.h */,
				77ECE0F81D5DC2A4004AE122 /* TotalData.m */,
				77ECE0E61D5D5F2C004AE122 /* WeixinData.h */,
				77ECE0E71D5D5F2C004AE122 /* WeixinData.m */,
				77ECE0E11D5D5EAF004AE122 /* MyCoreData.xcdatamodeld */,
			);
			path = "数据库";
			sourceTree = "<group>";
		};
		B2CA82414ED87DDE517200CA /* Pods */ = {
			isa = PBXGroup;
			children = (
				ECEF9FF4F388896C86BFA3B3 /* Pods-MyFirstAPP.debug.xcconfig */,
				7CABB42BD8BCF303E342C69E /* Pods-MyFirstAPP.release.xcconfig */,
			);
			name = Pods;
			sourceTree = "<group>";
		};
		FCCABADD517AF7901A18F7B1 /* Frameworks */ = {
			isa = PBXGroup;
			children = (
				77D460661D5C71DA0066B352 /* CoreData.framework */,
				77BE53721D2CB0930001AA09 /* AssetsLibrary.framework */,
				77BE53701D2CB07B0001AA09 /* MediaPlayer.framework */,
				77BE536E1D2CB0720001AA09 /* CoreLocation.framework */,
				77BE536C1D2CB06B0001AA09 /* CoreMotion.framework */,
				77BE536A1D2CB05B0001AA09 /* MessageUI.framework */,
				77BE53681D2CB03B0001AA09 /* libsqlite3.tbd */,
				77BE53661D2CB0320001AA09 /* AdSupport.framework */,
				77BE53641D2CB0290001AA09 /* ImageIO.framework */,
				77BE53621D2CB01F0001AA09 /* CoreText.framework */,
				77BE53601D2CB0150001AA09 /* libstdc++.tbd */,
				77BE535E1D2CB0070001AA09 /* JavaScriptCore.framework */,
				77BE535C1D2CAFFD0001AA09 /* Security.framework */,
				77BE535A1D2CAFF40001AA09 /* libz.1.2.5.tbd */,
				77BE53581D2CAFE80001AA09 /* libicucore.tbd */,
				77BE53561D2CAFDB0001AA09 /* CoreTelephony.framework */,
				77BE53541D2CAFD20001AA09 /* QuartzCore.framework */,
				77BE53521D2CAFC50001AA09 /* SystemConfiguration.framework */,
				02AF73C9BE55F816B9D738C7 /* Pods_MyFirstAPP.framework */,
			);
			name = Frameworks;
			sourceTree = "<group>";
		};
/* End PBXGroup section */

/* Begin PBXNativeTarget section */
		7759B68A1D0EA37F00AE3A59 /* MyFirstAPP */ = {
			isa = PBXNativeTarget;
			buildConfigurationList = 7759B6B81D0EA38000AE3A59 /* Build configuration list for PBXNativeTarget "MyFirstAPP" */;
			buildPhases = (
				A53E273E080B8DA8D139609C /* [CP] Check Pods Manifest.lock */,
				7759B6871D0EA37F00AE3A59 /* Sources */,
				7759B6881D0EA37F00AE3A59 /* Frameworks */,
				7759B6891D0EA37F00AE3A59 /* Resources */,
				594D8475FD8B79805F499D8A /* [CP] Embed Pods Frameworks */,
				A09EB6C11F89B3AE5FCB7767 /* [CP] Copy Pods Resources */,
			);
			buildRules = (
			);
			dependencies = (
			);
			name = MyFirstAPP;
			productName = MyFirstAPP;
			productReference = 7759B68B1D0EA37F00AE3A59 /* MyFirstAPP.app */;
			productType = "com.apple.product-type.application";
		};
		7759B6A31D0EA38000AE3A59 /* MyFirstAPPTests */ = {
			isa = PBXNativeTarget;
			buildConfigurationList = 7759B6BB1D0EA38000AE3A59 /* Build configuration list for PBXNativeTarget "MyFirstAPPTests" */;
			buildPhases = (
				7759B6A01D0EA38000AE3A59 /* Sources */,
				7759B6A11D0EA38000AE3A59 /* Frameworks */,
				7759B6A21D0EA38000AE3A59 /* Resources */,
			);
			buildRules = (
			);
			dependencies = (
				7759B6A61D0EA38000AE3A59 /* PBXTargetDependency */,
			);
			name = MyFirstAPPTests;
			productName = MyFirstAPPTests;
			productReference = 7759B6A41D0EA38000AE3A59 /* MyFirstAPPTests.xctest */;
			productType = "com.apple.product-type.bundle.unit-test";
		};
		7759B6AE1D0EA38000AE3A59 /* MyFirstAPPUITests */ = {
			isa = PBXNativeTarget;
			buildConfigurationList = 7759B6BE1D0EA38000AE3A59 /* Build configuration list for PBXNativeTarget "MyFirstAPPUITests" */;
			buildPhases = (
				7759B6AB1D0EA38000AE3A59 /* Sources */,
				7759B6AC1D0EA38000AE3A59 /* Frameworks */,
				7759B6AD1D0EA38000AE3A59 /* Resources */,
			);
			buildRules = (
			);
			dependencies = (
				7759B6B11D0EA38000AE3A59 /* PBXTargetDependency */,
			);
			name = MyFirstAPPUITests;
			productName = MyFirstAPPUITests;
			productReference = 7759B6AF1D0EA38000AE3A59 /* MyFirstAPPUITests.xctest */;
			productType = "com.apple.product-type.bundle.ui-testing";
		};
/* End PBXNativeTarget section */

/* Begin PBXProject section */
		7759B6831D0EA37F00AE3A59 /* Project object */ = {
			isa = PBXProject;
			attributes = {
				LastUpgradeCheck = 0730;
				ORGANIZATIONNAME = "薛超";
				TargetAttributes = {
					7759B68A1D0EA37F00AE3A59 = {
						CreatedOnToolsVersion = 7.3.1;
						DevelopmentTeam = 968Q63C2Z7;
						LastSwiftMigration = 0830;
					};
					7759B6A31D0EA38000AE3A59 = {
						CreatedOnToolsVersion = 7.3.1;
						TestTargetID = 7759B68A1D0EA37F00AE3A59;
					};
					7759B6AE1D0EA38000AE3A59 = {
						CreatedOnToolsVersion = 7.3.1;
						TestTargetID = 7759B68A1D0EA37F00AE3A59;
					};
				};
			};
			buildConfigurationList = 7759B6861D0EA37F00AE3A59 /* Build configuration list for PBXProject "MyFirstAPP" */;
			compatibilityVersion = "Xcode 3.2";
			developmentRegion = English;
			hasScannedForEncodings = 0;
			knownRegions = (
				en,
				Base,
			);
			mainGroup = 7759B6821D0EA37F00AE3A59;
			productRefGroup = 7759B68C1D0EA37F00AE3A59 /* Products */;
			projectDirPath = "";
			projectRoot = "";
			targets = (
				7759B68A1D0EA37F00AE3A59 /* MyFirstAPP */,
				7759B6A31D0EA38000AE3A59 /* MyFirstAPPTests */,
				7759B6AE1D0EA38000AE3A59 /* MyFirstAPPUITests */,
			);
		};
/* End PBXProject section */

/* Begin PBXResourcesBuildPhase section */
		7759B6891D0EA37F00AE3A59 /* Resources */ = {
			isa = PBXResourcesBuildPhase;
			buildActionMask = 2147483647;
			files = (
				777657231D2BE8A200B538F9 /* ImageBrowserChecked.png in Resources */,
				777657241D2BE8A200B538F9 /* page_dot_dack.png in Resources */,
				777657131D2BE4B200B538F9 /* 8.png in Resources */,
				777657111D2BE4B200B538F9 /* 6.png in Resources */,
				777657221D2BE8A200B538F9 /* ImageBrowser.png in Resources */,
				777657201D2BE8A200B538F9 /* grayArrow.png in Resources */,
				7759B74F1D0EA3E900AE3A59 /* LoginViewController.xib in Resources */,
				777657171D2BE4CE00B538F9 /* my.json in Resources */,
				7776570C1D2BE4B200B538F9 /* 1.jpg in Resources */,
				7776570E1D2BE4B200B538F9 /* 3.png in Resources */,
				7776570D1D2BE4B200B538F9 /* 2.png in Resources */,
				7776570F1D2BE4B200B538F9 /* 4.png in Resources */,
				7759B69E1D0EA37F00AE3A59 /* LaunchScreen.storyboard in Resources */,
				7759B7541D0EA3E900AE3A59 /* RegisterViewController.xib in Resources */,
				7759B69B1D0EA37F00AE3A59 /* Assets.xcassets in Resources */,
				777657211D2BE8A200B538F9 /* hidebutton.png in Resources */,
				7759B6991D0EA37F00AE3A59 /* Main.storyboard in Resources */,
				77ECE0F41D5DBD72004AE122 /* moren.jpg in Resources */,
				777657121D2BE4B200B538F9 /* 7.png in Resources */,
				777657251D2BE8A200B538F9 /* page_dot_light.png in Resources */,
				777657141D2BE4B200B538F9 /* 9.png in Resources */,
				7759B74A1D0EA3E900AE3A59 /* FogetKeyViewController.xib in Resources */,
				777657181D2BE4CE00B538F9 /* picture.json in Resources */,
				77A5733A1D62BEB800A1001B /* icons.txt in Resources */,
				777657101D2BE4B200B538F9 /* 5.png in Resources */,
			);
			runOnlyForDeploymentPostprocessing = 0;
		};
		7759B6A21D0EA38000AE3A59 /* Resources */ = {
			isa = PBXResourcesBuildPhase;
			buildActionMask = 2147483647;
			files = (
				BF6C77AD1F0E4274008613C6 /* Info.plist in Resources */,
			);
			runOnlyForDeploymentPostprocessing = 0;
		};
		7759B6AD1D0EA38000AE3A59 /* Resources */ = {
			isa = PBXResourcesBuildPhase;
			buildActionMask = 2147483647;
			files = (
				BF6C77AB1F0E4268008613C6 /* Info.plist in Resources */,
			);
			runOnlyForDeploymentPostprocessing = 0;
		};
/* End PBXResourcesBuildPhase section */

/* Begin PBXShellScriptBuildPhase section */
		594D8475FD8B79805F499D8A /* [CP] Embed Pods Frameworks */ = {
			isa = PBXShellScriptBuildPhase;
			buildActionMask = 2147483647;
			files = (
			);
			inputPaths = (
			);
			name = "[CP] Embed Pods Frameworks";
			outputPaths = (
			);
			runOnlyForDeploymentPostprocessing = 0;
			shellPath = /bin/sh;
			shellScript = "\"${SRCROOT}/Pods/Target Support Files/Pods-MyFirstAPP/Pods-MyFirstAPP-frameworks.sh\"\n";
			showEnvVarsInLog = 0;
		};
		A09EB6C11F89B3AE5FCB7767 /* [CP] Copy Pods Resources */ = {
			isa = PBXShellScriptBuildPhase;
			buildActionMask = 2147483647;
			files = (
			);
			inputPaths = (
			);
			name = "[CP] Copy Pods Resources";
			outputPaths = (
			);
			runOnlyForDeploymentPostprocessing = 0;
			shellPath = /bin/sh;
			shellScript = "\"${SRCROOT}/Pods/Target Support Files/Pods-MyFirstAPP/Pods-MyFirstAPP-resources.sh\"\n";
			showEnvVarsInLog = 0;
		};
		A53E273E080B8DA8D139609C /* [CP] Check Pods Manifest.lock */ = {
			isa = PBXShellScriptBuildPhase;
			buildActionMask = 2147483647;
			files = (
			);
			inputPaths = (
			);
			name = "[CP] Check Pods Manifest.lock";
			outputPaths = (
			);
			runOnlyForDeploymentPostprocessing = 0;
			shellPath = /bin/sh;
			shellScript = "diff \"${PODS_PODFILE_DIR_PATH}/Podfile.lock\" \"${PODS_ROOT}/Manifest.lock\" > /dev/null\nif [ $? != 0 ] ; then\n    # print error to STDERR\n    echo \"error: The sandbox is not in sync with the Podfile.lock. Run 'pod install' or update your CocoaPods installation.\" >&2\n    exit 1\nfi\n";
			showEnvVarsInLog = 0;
		};
/* End PBXShellScriptBuildPhase section */

/* Begin PBXSourcesBuildPhase section */
		7759B6871D0EA37F00AE3A59 /* Sources */ = {
			isa = PBXSourcesBuildPhase;
			buildActionMask = 2147483647;
			files = (
				778913901D0FDDDB0096AB3B /* AppDelegate.m in Sources */,
				77DE73431D1CDC2B00F39FDB /* SettingsViewController.m in Sources */,
				7759B7591D0EA3E900AE3A59 /* BaseViewController.m in Sources */,
				7759B76A1D0EA3E900AE3A59 /* UIColor+expanded.m in Sources */,
				778913921D0FDDDB0096AB3B /* main.m in Sources */,
				7759B76C1D0EA3E900AE3A59 /* UIView+AutoLayout.m in Sources */,
				77DE73401D1CC7E600F39FDB /* LibraryCollectionViewController.m in Sources */,
				7759B75D1D0EA3E900AE3A59 /* CALayer+XibConfiguration.m in Sources */,
				7759B76B1D0EA3E900AE3A59 /* UIImage+expanded.m in Sources */,
				7759B7431D0EA3E900AE3A59 /* XwelcomView.m in Sources */,
				7759B7631D0EA3E900AE3A59 /* NSMutableArray+expanded.m in Sources */,
				7759B75F1D0EA3E900AE3A59 /* MyPageControl.m in Sources */,
				777657591D2BEB6200B538F9 /* RHMethods.m in Sources */,
				7759B7531D0EA3E900AE3A59 /* RegisterViewController.m in Sources */,
				77ECE0FA1D5DC2A4004AE122 /* TotalData.m in Sources */,
				77975EC51D5B211C0093F854 /* UIControl+Addition.m in Sources */,
				7759B76D1D0EA3E900AE3A59 /* UIView+expanded.m in Sources */,
				7759B7601D0EA3E900AE3A59 /* NSData+Base64.m in Sources */,
				77975EC11D5B1CA30093F854 /* SDDataCache.m in Sources */,
				77ECE0E91D5D5F2C004AE122 /* WeixinData.m in Sources */,
				7759B74E1D0EA3E900AE3A59 /* LoginViewController.m in Sources */,
				7759B7491D0EA3E900AE3A59 /* FogetKeyViewController.m in Sources */,
				778913A51D101DB10096AB3B /* FirstViewController.m in Sources */,
				777657531D2BEB6200B538F9 /* CustomTabBar.m in Sources */,
				7759B7651D0EA3E900AE3A59 /* NSString+expanded.m in Sources */,
				7759B7611D0EA3E900AE3A59 /* NSDate+WQCalendarLogic.m in Sources */,
				77ECE0E31D5D5EAF004AE122 /* MyCoreData.xcdatamodeld in Sources */,
				7759B76E1D0EA3E900AE3A59 /* XLCycleScrollView.m in Sources */,
				777657581D2BEB6200B538F9 /* Keboard.m in Sources */,
				7759B7851D0EA3E900AE3A59 /* Utility.m in Sources */,
				7759B7641D0EA3E900AE3A59 /* NSObject+expanded.m in Sources */,
				7759B7621D0EA3E900AE3A59 /* NSDictionary+expanded.m in Sources */,
				7759B75E1D0EA3E900AE3A59 /* myLabelCategory.m in Sources */,
				778913A61D101DB10096AB3B /* XCollectionViewDialLayout.m in Sources */,
			);
			runOnlyForDeploymentPostprocessing = 0;
		};
		7759B6A01D0EA38000AE3A59 /* Sources */ = {
			isa = PBXSourcesBuildPhase;
			buildActionMask = 2147483647;
			files = (
				7759B6A91D0EA38000AE3A59 /* MyFirstAPPTests.m in Sources */,
			);
			runOnlyForDeploymentPostprocessing = 0;
		};
		7759B6AB1D0EA38000AE3A59 /* Sources */ = {
			isa = PBXSourcesBuildPhase;
			buildActionMask = 2147483647;
			files = (
				7759B6B41D0EA38000AE3A59 /* MyFirstAPPUITests.m in Sources */,
			);
			runOnlyForDeploymentPostprocessing = 0;
		};
/* End PBXSourcesBuildPhase section */

/* Begin PBXTargetDependency section */
		7759B6A61D0EA38000AE3A59 /* PBXTargetDependency */ = {
			isa = PBXTargetDependency;
			target = 7759B68A1D0EA37F00AE3A59 /* MyFirstAPP */;
			targetProxy = 7759B6A51D0EA38000AE3A59 /* PBXContainerItemProxy */;
		};
		7759B6B11D0EA38000AE3A59 /* PBXTargetDependency */ = {
			isa = PBXTargetDependency;
			target = 7759B68A1D0EA37F00AE3A59 /* MyFirstAPP */;
			targetProxy = 7759B6B01D0EA38000AE3A59 /* PBXContainerItemProxy */;
		};
/* End PBXTargetDependency section */

/* Begin PBXVariantGroup section */
		7759B6971D0EA37F00AE3A59 /* Main.storyboard */ = {
			isa = PBXVariantGroup;
			children = (
				7759B6981D0EA37F00AE3A59 /* Base */,
			);
			name = Main.storyboard;
			sourceTree = "<group>";
		};
		7759B69C1D0EA37F00AE3A59 /* LaunchScreen.storyboard */ = {
			isa = PBXVariantGroup;
			children = (
				7759B69D1D0EA37F00AE3A59 /* Base */,
			);
			name = LaunchScreen.storyboard;
			sourceTree = "<group>";
		};
/* End PBXVariantGroup section */

/* Begin XCBuildConfiguration section */
		7759B6B61D0EA38000AE3A59 /* Debug */ = {
			isa = XCBuildConfiguration;
			buildSettings = {
				ALWAYS_SEARCH_USER_PATHS = NO;
				CLANG_ANALYZER_NONNULL = YES;
				CLANG_CXX_LANGUAGE_STANDARD = "gnu++0x";
				CLANG_CXX_LIBRARY = "libc++";
				CLANG_ENABLE_MODULES = YES;
				CLANG_ENABLE_OBJC_ARC = YES;
				CLANG_WARN_BOOL_CONVERSION = YES;
				CLANG_WARN_CONSTANT_CONVERSION = YES;
				CLANG_WARN_DIRECT_OBJC_ISA_USAGE = YES_ERROR;
				CLANG_WARN_EMPTY_BODY = YES;
				CLANG_WARN_ENUM_CONVERSION = YES;
				CLANG_WARN_INT_CONVERSION = YES;
				CLANG_WARN_OBJC_ROOT_CLASS = YES_ERROR;
				CLANG_WARN_UNREACHABLE_CODE = YES;
				CLANG_WARN__DUPLICATE_METHOD_MATCH = YES;
				"CODE_SIGN_IDENTITY[sdk=iphoneos*]" = "iPhone Developer";
				COPY_PHASE_STRIP = NO;
				DEBUG_INFORMATION_FORMAT = dwarf;
				ENABLE_STRICT_OBJC_MSGSEND = YES;
				ENABLE_TESTABILITY = YES;
				GCC_C_LANGUAGE_STANDARD = gnu99;
				GCC_DYNAMIC_NO_PIC = NO;
				GCC_NO_COMMON_BLOCKS = YES;
				GCC_OPTIMIZATION_LEVEL = 0;
				GCC_PREPROCESSOR_DEFINITIONS = (
					"DEBUG=1",
					"$(inherited)",
				);
				GCC_WARN_64_TO_32_BIT_CONVERSION = YES;
				GCC_WARN_ABOUT_RETURN_TYPE = YES_ERROR;
				GCC_WARN_UNDECLARED_SELECTOR = YES;
				GCC_WARN_UNINITIALIZED_AUTOS = YES_AGGRESSIVE;
				GCC_WARN_UNUSED_FUNCTION = YES;
				GCC_WARN_UNUSED_VARIABLE = YES;
				IPHONEOS_DEPLOYMENT_TARGET = 9.3;
				MTL_ENABLE_DEBUG_INFO = YES;
				ONLY_ACTIVE_ARCH = YES;
				SDKROOT = iphoneos;
				TARGETED_DEVICE_FAMILY = "1,2";
			};
			name = Debug;
		};
		7759B6B71D0EA38000AE3A59 /* Release */ = {
			isa = XCBuildConfiguration;
			buildSettings = {
				ALWAYS_SEARCH_USER_PATHS = NO;
				CLANG_ANALYZER_NONNULL = YES;
				CLANG_CXX_LANGUAGE_STANDARD = "gnu++0x";
				CLANG_CXX_LIBRARY = "libc++";
				CLANG_ENABLE_MODULES = YES;
				CLANG_ENABLE_OBJC_ARC = YES;
				CLANG_WARN_BOOL_CONVERSION = YES;
				CLANG_WARN_CONSTANT_CONVERSION = YES;
				CLANG_WARN_DIRECT_OBJC_ISA_USAGE = YES_ERROR;
				CLANG_WARN_EMPTY_BODY = YES;
				CLANG_WARN_ENUM_CONVERSION = YES;
				CLANG_WARN_INT_CONVERSION = YES;
				CLANG_WARN_OBJC_ROOT_CLASS = YES_ERROR;
				CLANG_WARN_UNREACHABLE_CODE = YES;
				CLANG_WARN__DUPLICATE_METHOD_MATCH = YES;
				"CODE_SIGN_IDENTITY[sdk=iphoneos*]" = "iPhone Developer";
				COPY_PHASE_STRIP = NO;
				DEBUG_INFORMATION_FORMAT = "dwarf-with-dsym";
				ENABLE_NS_ASSERTIONS = NO;
				ENABLE_STRICT_OBJC_MSGSEND = YES;
				GCC_C_LANGUAGE_STANDARD = gnu99;
				GCC_NO_COMMON_BLOCKS = YES;
				GCC_WARN_64_TO_32_BIT_CONVERSION = YES;
				GCC_WARN_ABOUT_RETURN_TYPE = YES_ERROR;
				GCC_WARN_UNDECLARED_SELECTOR = YES;
				GCC_WARN_UNINITIALIZED_AUTOS = YES_AGGRESSIVE;
				GCC_WARN_UNUSED_FUNCTION = YES;
				GCC_WARN_UNUSED_VARIABLE = YES;
				IPHONEOS_DEPLOYMENT_TARGET = 9.3;
				MTL_ENABLE_DEBUG_INFO = NO;
				SDKROOT = iphoneos;
				TARGETED_DEVICE_FAMILY = "1,2";
				VALIDATE_PRODUCT = YES;
			};
			name = Release;
		};
		7759B6B91D0EA38000AE3A59 /* Debug */ = {
			isa = XCBuildConfiguration;
			baseConfigurationReference = ECEF9FF4F388896C86BFA3B3 /* Pods-MyFirstAPP.debug.xcconfig */;
			buildSettings = {
				ASSETCATALOG_COMPILER_APPICON_NAME = AppIcon;
				CODE_SIGN_IDENTITY = "iPhone Developer";
				DEVELOPMENT_TEAM = 968Q63C2Z7;
				GCC_PREFIX_HEADER = "$(SRCROOT)/$(PROJECT_NAME)/Others/PrefixHeader.pch";
				INFOPLIST_FILE = "$(SRCROOT)/MyFirstAPP/Others/Info.plist";
				IPHONEOS_DEPLOYMENT_TARGET = 8.1;
				LD_RUNPATH_SEARCH_PATHS = "$(inherited) @executable_path/Frameworks";
				PRODUCT_BUNDLE_IDENTIFIER = com.isolar88.MyFirstAPP;
				PRODUCT_NAME = "$(TARGET_NAME)";
				SWIFT_VERSION = 3.0;
				WARNING_CFLAGS = "-Wno-shorten-64-to-32";
			};
			name = Debug;
		};
		7759B6BA1D0EA38000AE3A59 /* Release */ = {
			isa = XCBuildConfiguration;
			baseConfigurationReference = 7CABB42BD8BCF303E342C69E /* Pods-MyFirstAPP.release.xcconfig */;
			buildSettings = {
				ASSETCATALOG_COMPILER_APPICON_NAME = AppIcon;
				CODE_SIGN_IDENTITY = "iPhone Developer";
				DEVELOPMENT_TEAM = 968Q63C2Z7;
				GCC_PREFIX_HEADER = "$(SRCROOT)/$(PROJECT_NAME)/Others/PrefixHeader.pch";
				INFOPLIST_FILE = "$(SRCROOT)/MyFirstAPP/Others/Info.plist";
				IPHONEOS_DEPLOYMENT_TARGET = 8.1;
				LD_RUNPATH_SEARCH_PATHS = "$(inherited) @executable_path/Frameworks";
				ONLY_ACTIVE_ARCH = YES;
				PRODUCT_BUNDLE_IDENTIFIER = com.isolar88.MyFirstAPP;
				PRODUCT_NAME = "$(TARGET_NAME)";
				SWIFT_VERSION = 3.0;
				WARNING_CFLAGS = "-Wno-shorten-64-to-32";
			};
			name = Release;
		};
		7759B6BC1D0EA38000AE3A59 /* Debug */ = {
			isa = XCBuildConfiguration;
			buildSettings = {
				BUNDLE_LOADER = "$(TEST_HOST)";
				INFOPLIST_FILE = MyFirstAPPTests/Info.plist;
				LD_RUNPATH_SEARCH_PATHS = "$(inherited) @executable_path/Frameworks @loader_path/Frameworks";
				PRODUCT_BUNDLE_IDENTIFIER = com.isolar88.MyFirstAPPTests;
				PRODUCT_NAME = "$(TARGET_NAME)";
				TEST_HOST = "$(BUILT_PRODUCTS_DIR)/MyFirstAPP.app/MyFirstAPP";
			};
			name = Debug;
		};
		7759B6BD1D0EA38000AE3A59 /* Release */ = {
			isa = XCBuildConfiguration;
			buildSettings = {
				BUNDLE_LOADER = "$(TEST_HOST)";
				INFOPLIST_FILE = MyFirstAPPTests/Info.plist;
				LD_RUNPATH_SEARCH_PATHS = "$(inherited) @executable_path/Frameworks @loader_path/Frameworks";
				PRODUCT_BUNDLE_IDENTIFIER = com.isolar88.MyFirstAPPTests;
				PRODUCT_NAME = "$(TARGET_NAME)";
				TEST_HOST = "$(BUILT_PRODUCTS_DIR)/MyFirstAPP.app/MyFirstAPP";
			};
			name = Release;
		};
		7759B6BF1D0EA38000AE3A59 /* Debug */ = {
			isa = XCBuildConfiguration;
			buildSettings = {
				INFOPLIST_FILE = MyFirstAPPUITests/Info.plist;
				LD_RUNPATH_SEARCH_PATHS = "$(inherited) @executable_path/Frameworks @loader_path/Frameworks";
				PRODUCT_BUNDLE_IDENTIFIER = com.isolar88.MyFirstAPPUITests;
				PRODUCT_NAME = "$(TARGET_NAME)";
				TEST_TARGET_NAME = MyFirstAPP;
			};
			name = Debug;
		};
		7759B6C01D0EA38000AE3A59 /* Release */ = {
			isa = XCBuildConfiguration;
			buildSettings = {
				INFOPLIST_FILE = MyFirstAPPUITests/Info.plist;
				LD_RUNPATH_SEARCH_PATHS = "$(inherited) @executable_path/Frameworks @loader_path/Frameworks";
				PRODUCT_BUNDLE_IDENTIFIER = com.isolar88.MyFirstAPPUITests;
				PRODUCT_NAME = "$(TARGET_NAME)";
				TEST_TARGET_NAME = MyFirstAPP;
			};
			name = Release;
		};
/* End XCBuildConfiguration section */

/* Begin XCConfigurationList section */
		7759B6861D0EA37F00AE3A59 /* Build configuration list for PBXProject "MyFirstAPP" */ = {
			isa = XCConfigurationList;
			buildConfigurations = (
				7759B6B61D0EA38000AE3A59 /* Debug */,
				7759B6B71D0EA38000AE3A59 /* Release */,
			);
			defaultConfigurationIsVisible = 0;
			defaultConfigurationName = Release;
		};
		7759B6B81D0EA38000AE3A59 /* Build configuration list for PBXNativeTarget "MyFirstAPP" */ = {
			isa = XCConfigurationList;
			buildConfigurations = (
				7759B6B91D0EA38000AE3A59 /* Debug */,
				7759B6BA1D0EA38000AE3A59 /* Release */,
			);
			defaultConfigurationIsVisible = 0;
			defaultConfigurationName = Release;
		};
		7759B6BB1D0EA38000AE3A59 /* Build configuration list for PBXNativeTarget "MyFirstAPPTests" */ = {
			isa = XCConfigurationList;
			buildConfigurations = (
				7759B6BC1D0EA38000AE3A59 /* Debug */,
				7759B6BD1D0EA38000AE3A59 /* Release */,
			);
			defaultConfigurationIsVisible = 0;
			defaultConfigurationName = Release;
		};
		7759B6BE1D0EA38000AE3A59 /* Build configuration list for PBXNativeTarget "MyFirstAPPUITests" */ = {
			isa = XCConfigurationList;
			buildConfigurations = (
				7759B6BF1D0EA38000AE3A59 /* Debug */,
				7759B6C01D0EA38000AE3A59 /* Release */,
			);
			defaultConfigurationIsVisible = 0;
			defaultConfigurationName = Release;
		};
/* End XCConfigurationList section */

/* Begin XCVersionGroup section */
		77ECE0E11D5D5EAF004AE122 /* MyCoreData.xcdatamodeld */ = {
			isa = XCVersionGroup;
			children = (
				77ECE0E21D5D5EAF004AE122 /* MyCoreData.xcdatamodel */,
			);
			currentVersion = 77ECE0E21D5D5EAF004AE122 /* MyCoreData.xcdatamodel */;
			path = MyCoreData.xcdatamodeld;
			sourceTree = "<group>";
			versionGroupType = wrapper.xcdatamodel;
		};
/* End XCVersionGroup section */
	};
	rootObject = 7759B6831D0EA37F00AE3A59 /* Project object */;
}
